Microsoft Visual Studio Solution File, Format Version 12.00
# Visual Studio Version 17
VisualStudioVersion = 17.5.2.0
MinimumVisualStudioVersion = 10.0.40219.1
Project("{2150E333-8FDC-42A3-9474-1A3956D46DE8}") = "src", "src", "{6D389B04-8258-4988-A41A-C10B7DFD4E79}"
EndProject
Project("{2150E333-8FDC-42A3-9474-1A3956D46DE8}") = "tests", "tests", "{F69ADE3C-9C9E-4B05-A95B-B7008A3DF839}"
EndProject
Project("{FAE04EC0-301F-11D3-BF4B-00C04F79EFBC}") = "Fudie", "src\Fudie\Fudie.csproj", "{33A4980E-0BC7-4799-ABA1-5A409960493B}"
EndProject
Project("{FAE04EC0-301F-11D3-BF4B-00C04F79EFBC}") = "Menus", "src\Menus\Menus.csproj", "{408A426F-A902-4B4E-A1FC-3DD6E8873984}"
EndProject
Project("{FAE04EC0-301F-11D3-BF4B-00C04F79EFBC}") = "ScheDules", "src\ScheDules\ScheDules.csproj", "{833ED53C-34F4-4E8E-BBB7-4D1DD6A15D4D}"
EndProject
Project("{FAE04EC0-301F-11D3-BF4B-00C04F79EFBC}") = "ScheDules.UnitTests", "tests\ScheDules.UnitTests\ScheDules.UnitTests.csproj", "{BA908139-014E-4D4C-87DA-913E41902D74}"
EndProject
Project("{FAE04EC0-301F-11D3-BF4B-00C04F79EFBC}") = "Fudie.UnitTests", "tests\Fudie.UnitTests\Fudie.UnitTests.csproj", "{B1FC1C0E-2C49-40B2-BA7A-FDEEC5BF3729}"
EndProject
Project("{FAE04EC0-301F-11D3-BF4B-00C04F79EFBC}") = "Menus.UnitTests", "tests\Menus.UnitTests\Menus.UnitTests.csproj", "{3B22ADDB-EA63-47F5-A8B0-794288FA9472}"
EndProject
Project("{FAE04EC0-301F-11D3-BF4B-00C04F79EFBC}") = "Fudie.Generator", "src\Fudie.Generator\Fudie.Generator.csproj", "{0740F160-92B2-494E-8288-E6AA371EB57E}"
EndProject
Project("{FAE04EC0-301F-11D3-BF4B-00C04F79EFBC}") = "Fudie.Generator.UnitTests", "tests\Fudie.Generator.UnitTests\Fudie.Generator.UnitTests.csproj", "{BDCEAE58-EAD2-42B1-BD37-EB2CAF591B8B}"
EndProject
Project("{FAE04EC0-301F-11D3-BF4B-00C04F79EFBC}") = "Plan", "src\Plan\Plan.csproj", "{D680F842-AA46-4B9B-9011-AB1AA7BCFC28}"
EndProject
Project("{FAE04EC0-301F-11D3-BF4B-00C04F79EFBC}") = "Plan.UnitTests", "tests\Plan.UnitTests\Plan.UnitTests.csproj", "{5A19BAC1-4EF1-4FB4-BEEB-F46620560387}"
EndProject
Project("{FAE04EC0-301F-11D3-BF4B-00C04F79EFBC}") = "Menus.IntegrationTests", "tests\Menus.IntegrationTests\Menus.IntegrationTests.csproj", "{F41C59B0-B10C-482B-BA8E-4FB90146BC1C}"
EndProject
Project("{FAE04EC0-301F-11D3-BF4B-00C04F79EFBC}") = "Plan.IntegrationTests", "tests\Plan.IntegrationTests\Plan.IntegrationTests.csproj", "{D9265D65-E91C-48D3-B949-AAC2368A44D1}"
EndProject
Project("{FAE04EC0-301F-11D3-BF4B-00C04F79EFBC}") = "Schedules.IntegrationTests", "tests\Schedules.IntegrationTests\Schedules.IntegrationTests.csproj", "{946E4391-7466-40DF-8D70-340E1499A4C7}"
EndProject
Project("{FAE04EC0-301F-11D3-BF4B-00C04F79EFBC}") = "Customers", "src\Customers\Customers.csproj", "{4F507D61-1890-4B92-8F66-27855D45BBA0}"
EndProject
Project("{FAE04EC0-301F-11D3-BF4B-00C04F79EFBC}") = "Customers.UnitTests", "tests\Customers.UnitTests\Customers.UnitTests.csproj", "{3188B33E-E7F4-45A0-84BB-7E676B5C19BB}"
EndProject
Project("{FAE04EC0-301F-11D3-BF4B-00C04F79EFBC}") = "Customers.IntegrationTests", "tests\Customers.IntegrationTests\Customers.IntegrationTests.csproj", "{1DD51549-1EA2-4922-997C-78B02094B0B1}"
EndProject
Project("{FAE04EC0-301F-11D3-BF4B-00C04F79EFBC}") = "Auth", "src\Auth\Auth.csproj", "{E1E50566-60B2-4109-AFBD-DA7275921A99}"
EndProject
Project("{FAE04EC0-301F-11D3-BF4B-00C04F79EFBC}") = "Auth.UnitTests", "tests\Auth.UnitTests\Auth.UnitTests.csproj", "{2FA58079-3302-49A9-8D75-548A2424350D}"
EndProject
Project("{2150E333-8FDC-42A3-9474-1A3956D46DE8}") = "tools", "tools", "{BEAD0DFB-467E-4537-9D47-23721A07C9C0}"
EndProject
Project("{FAE04EC0-301F-11D3-BF4B-00C04F79EFBC}") = "SetupDevCerts", "tools\SetupDevCerts\SetupDevCerts.csproj", "{257CC0EA-F31C-467C-ABBE-55D7F5E5A770}"
EndProject
Project("{FAE04EC0-301F-11D3-BF4B-00C04F79EFBC}") = "Fudie.Tests.Common", "tests\Fudie.Tests.Common\Fudie.Tests.Common.csproj", "{A41E8386-C928-49A0-95E8-6DD312BFEC0B}"
EndProject
Project("{FAE04EC0-301F-11D3-BF4B-00C04F79EFBC}") = "Auth.IntegrationTests", "tests\Auth.IntegrationTests\Auth.IntegrationTests.csproj", "{3DD20778-1860-4C83-99FE-33C810107C1A}"
EndProject
Project("{FAE04EC0-301F-11D3-BF4B-00C04F79EFBC}") = "Fudie.Gateway", "src\Fudie.Gateway\Fudie.Gateway.csproj", "{9BED13B2-E880-4C32-AFDA-C80EE3C780BB}"
EndProject
Project("{FAE04EC0-301F-11D3-BF4B-00C04F79EFBC}") = "Subscriptions", "src\Subscriptions\Subscriptions.csproj", "{DDE533A7-46D2-4CA0-847D-F8602EFC4D3A}"
EndProject
Project("{FAE04EC0-301F-11D3-BF4B-00C04F79EFBC}") = "Subscriptions.UnitTests", "tests\Subscriptions.UnitTests\Subscriptions.UnitTests.csproj", "{76A75151-5825-4C30-8585-CFEC7D0748F8}"
EndProject
Project("{FAE04EC0-301F-11D3-BF4B-00C04F79EFBC}") = "Subscriptions.IntegrationTests", "tests\Subscriptions.IntegrationTests\Subscriptions.IntegrationTests.csproj", "{DFDA2B10-8253-4854-99D5-58335296CA3C}"
EndProject
Global
	GlobalSection(SolutionProperties) = preSolution
		HideSolutionNode = FALSE
	EndGlobalSection
	GlobalSection(ExtensibilityGlobals) = postSolution
		SolutionGuid = {6B5F3ED5-ED75-4531-9141-13FEA853E430}
	EndGlobalSection
	GlobalSection(SolutionConfigurationPlatforms) = preSolution
		Debug|Any CPU = Debug|Any CPU
		Debug|x64 = Debug|x64
		Debug|x86 = Debug|x86
		Release|Any CPU = Release|Any CPU
		Release|x64 = Release|x64
		Release|x86 = Release|x86
	EndGlobalSection
	GlobalSection(ProjectConfigurationPlatforms) = postSolution
		{33A4980E-0BC7-4799-ABA1-5A409960493B}.Debug|Any CPU.ActiveCfg = Debug|Any CPU
		{33A4980E-0BC7-4799-ABA1-5A409960493B}.Debug|Any CPU.Build.0 = Debug|Any CPU
		{33A4980E-0BC7-4799-ABA1-5A409960493B}.Debug|x64.ActiveCfg = Debug|Any CPU
		{33A4980E-0BC7-4799-ABA1-5A409960493B}.Debug|x64.Build.0 = Debug|Any CPU
		{33A4980E-0BC7-4799-ABA1-5A409960493B}.Debug|x86.ActiveCfg = Debug|Any CPU
		{33A4980E-0BC7-4799-ABA1-5A409960493B}.Debug|x86.Build.0 = Debug|Any CPU
		{33A4980E-0BC7-4799-ABA1-5A409960493B}.Release|Any CPU.ActiveCfg = Release|Any CPU
		{33A4980E-0BC7-4799-ABA1-5A409960493B}.Release|Any CPU.Build.0 = Release|Any CPU
		{33A4980E-0BC7-4799-ABA1-5A409960493B}.Release|x64.ActiveCfg = Release|Any CPU
		{33A4980E-0BC7-4799-ABA1-5A409960493B}.Release|x64.Build.0 = Release|Any CPU
		{33A4980E-0BC7-4799-ABA1-5A409960493B}.Release|x86.ActiveCfg = Release|Any CPU
		{33A4980E-0BC7-4799-ABA1-5A409960493B}.Release|x86.Build.0 = Release|Any CPU
		{408A426F-A902-4B4E-A1FC-3DD6E8873984}.Debug|Any CPU.ActiveCfg = Debug|Any CPU
		{408A426F-A902-4B4E-A1FC-3DD6E8873984}.Debug|Any CPU.Build.0 = Debug|Any CPU
		{408A426F-A902-4B4E-A1FC-3DD6E8873984}.Debug|x64.ActiveCfg = Debug|Any CPU
		{408A426F-A902-4B4E-A1FC-3DD6E8873984}.Debug|x64.Build.0 = Debug|Any CPU
		{408A426F-A902-4B4E-A1FC-3DD6E8873984}.Debug|x86.ActiveCfg = Debug|Any CPU
		{408A426F-A902-4B4E-A1FC-3DD6E8873984}.Debug|x86.Build.0 = Debug|Any CPU
		{408A426F-A902-4B4E-A1FC-3DD6E8873984}.Release|Any CPU.ActiveCfg = Release|Any CPU
		{408A426F-A902-4B4E-A1FC-3DD6E8873984}.Release|Any CPU.Build.0 = Release|Any CPU
		{408A426F-A902-4B4E-A1FC-3DD6E8873984}.Release|x64.ActiveCfg = Release|Any CPU
		{408A426F-A902-4B4E-A1FC-3DD6E8873984}.Release|x64.Build.0 = Release|Any CPU
		{408A426F-A902-4B4E-A1FC-3DD6E8873984}.Release|x86.ActiveCfg = Release|Any CPU
		{408A426F-A902-4B4E-A1FC-3DD6E8873984}.Release|x86.Build.0 = Release|Any CPU
		{833ED53C-34F4-4E8E-BBB7-4D1DD6A15D4D}.Debug|Any CPU.ActiveCfg = Debug|Any CPU
		{833ED53C-34F4-4E8E-BBB7-4D1DD6A15D4D}.Debug|Any CPU.Build.0 = Debug|Any CPU
		{833ED53C-34F4-4E8E-BBB7-4D1DD6A15D4D}.Debug|x64.ActiveCfg = Debug|Any CPU
		{833ED53C-34F4-4E8E-BBB7-4D1DD6A15D4D}.Debug|x64.Build.0 = Debug|Any CPU
		{833ED53C-34F4-4E8E-BBB7-4D1DD6A15D4D}.Debug|x86.ActiveCfg = Debug|Any CPU
		{833ED53C-34F4-4E8E-BBB7-4D1DD6A15D4D}.Debug|x86.Build.0 = Debug|Any CPU
		{833ED53C-34F4-4E8E-BBB7-4D1DD6A15D4D}.Release|Any CPU.ActiveCfg = Release|Any CPU
		{833ED53C-34F4-4E8E-BBB7-4D1DD6A15D4D}.Release|Any CPU.Build.0 = Release|Any CPU
		{833ED53C-34F4-4E8E-BBB7-4D1DD6A15D4D}.Release|x64.ActiveCfg = Release|Any CPU
		{833ED53C-34F4-4E8E-BBB7-4D1DD6A15D4D}.Release|x64.Build.0 = Release|Any CPU
		{833ED53C-34F4-4E8E-BBB7-4D1DD6A15D4D}.Release|x86.ActiveCfg = Release|Any CPU
		{833ED53C-34F4-4E8E-BBB7-4D1DD6A15D4D}.Release|x86.Build.0 = Release|Any CPU
		{BA908139-014E-4D4C-87DA-913E41902D74}.Debug|Any CPU.ActiveCfg = Debug|Any CPU
		{BA908139-014E-4D4C-87DA-913E41902D74}.Debug|Any CPU.Build.0 = Debug|Any CPU
		{BA908139-014E-4D4C-87DA-913E41902D74}.Debug|x64.ActiveCfg = Debug|Any CPU
		{BA908139-014E-4D4C-87DA-913E41902D74}.Debug|x64.Build.0 = Debug|Any CPU
		{BA908139-014E-4D4C-87DA-913E41902D74}.Debug|x86.ActiveCfg = Debug|Any CPU
		{BA908139-014E-4D4C-87DA-913E41902D74}.Debug|x86.Build.0 = Debug|Any CPU
		{BA908139-014E-4D4C-87DA-913E41902D74}.Release|Any CPU.ActiveCfg = Release|Any CPU
		{BA908139-014E-4D4C-87DA-913E41902D74}.Release|Any CPU.Build.0 = Release|Any CPU
		{BA908139-014E-4D4C-87DA-913E41902D74}.Release|x64.ActiveCfg = Release|Any CPU
		{BA908139-014E-4D4C-87DA-913E41902D74}.Release|x64.Build.0 = Release|Any CPU
		{BA908139-014E-4D4C-87DA-913E41902D74}.Release|x86.ActiveCfg = Release|Any CPU
		{BA908139-014E-4D4C-87DA-913E41902D74}.Release|x86.Build.0 = Release|Any CPU
		{B1FC1C0E-2C49-40B2-BA7A-FDEEC5BF3729}.Debug|Any CPU.ActiveCfg = Debug|Any CPU
		{B1FC1C0E-2C49-40B2-BA7A-FDEEC5BF3729}.Debug|Any CPU.Build.0 = Debug|Any CPU
		{B1FC1C0E-2C49-40B2-BA7A-FDEEC5BF3729}.Debug|x64.ActiveCfg = Debug|Any CPU
		{B1FC1C0E-2C49-40B2-BA7A-FDEEC5BF3729}.Debug|x64.Build.0 = Debug|Any CPU
		{B1FC1C0E-2C49-40B2-BA7A-FDEEC5BF3729}.Debug|x86.ActiveCfg = Debug|Any CPU
		{B1FC1C0E-2C49-40B2-BA7A-FDEEC5BF3729}.Debug|x86.Build.0 = Debug|Any CPU
		{B1FC1C0E-2C49-40B2-BA7A-FDEEC5BF3729}.Release|Any CPU.ActiveCfg = Release|Any CPU
		{B1FC1C0E-2C49-40B2-BA7A-FDEEC5BF3729}.Release|Any CPU.Build.0 = Release|Any CPU
		{B1FC1C0E-2C49-40B2-BA7A-FDEEC5BF3729}.Release|x64.ActiveCfg = Release|Any CPU
		{B1FC1C0E-2C49-40B2-BA7A-FDEEC5BF3729}.Release|x64.Build.0 = Release|Any CPU
		{B1FC1C0E-2C49-40B2-BA7A-FDEEC5BF3729}.Release|x86.ActiveCfg = Release|Any CPU
		{B1FC1C0E-2C49-40B2-BA7A-FDEEC5BF3729}.Release|x86.Build.0 = Release|Any CPU
		{3B22ADDB-EA63-47F5-A8B0-794288FA9472}.Debug|Any CPU.ActiveCfg = Debug|Any CPU
		{3B22ADDB-EA63-47F5-A8B0-794288FA9472}.Debug|Any CPU.Build.0 = Debug|Any CPU
		{3B22ADDB-EA63-47F5-A8B0-794288FA9472}.Debug|x64.ActiveCfg = Debug|Any CPU
		{3B22ADDB-EA63-47F5-A8B0-794288FA9472}.Debug|x64.Build.0 = Debug|Any CPU
		{3B22ADDB-EA63-47F5-A8B0-794288FA9472}.Debug|x86.ActiveCfg = Debug|Any CPU
		{3B22ADDB-EA63-47F5-A8B0-794288FA9472}.Debug|x86.Build.0 = Debug|Any CPU
		{3B22ADDB-EA63-47F5-A8B0-794288FA9472}.Release|Any CPU.ActiveCfg = Release|Any CPU
		{3B22ADDB-EA63-47F5-A8B0-794288FA9472}.Release|Any CPU.Build.0 = Release|Any CPU
		{3B22ADDB-EA63-47F5-A8B0-794288FA9472}.Release|x64.ActiveCfg = Release|Any CPU
		{3B22ADDB-EA63-47F5-A8B0-794288FA9472}.Release|x64.Build.0 = Release|Any CPU
		{3B22ADDB-EA63-47F5-A8B0-794288FA9472}.Release|x86.ActiveCfg = Release|Any CPU
		{3B22ADDB-EA63-47F5-A8B0-794288FA9472}.Release|x86.Build.0 = Release|Any CPU
		{0740F160-92B2-494E-8288-E6AA371EB57E}.Debug|Any CPU.ActiveCfg = Debug|Any CPU
		{0740F160-92B2-494E-8288-E6AA371EB57E}.Debug|Any CPU.Build.0 = Debug|Any CPU
		{0740F160-92B2-494E-8288-E6AA371EB57E}.Debug|x64.ActiveCfg = Debug|Any CPU
		{0740F160-92B2-494E-8288-E6AA371EB57E}.Debug|x64.Build.0 = Debug|Any CPU
		{0740F160-92B2-494E-8288-E6AA371EB57E}.Debug|x86.ActiveCfg = Debug|Any CPU
		{0740F160-92B2-494E-8288-E6AA371EB57E}.Debug|x86.Build.0 = Debug|Any CPU
		{0740F160-92B2-494E-8288-E6AA371EB57E}.Release|Any CPU.ActiveCfg = Release|Any CPU
		{0740F160-92B2-494E-8288-E6AA371EB57E}.Release|Any CPU.Build.0 = Release|Any CPU
		{0740F160-92B2-494E-8288-E6AA371EB57E}.Release|x64.ActiveCfg = Release|Any CPU
		{0740F160-92B2-494E-8288-E6AA371EB57E}.Release|x64.Build.0 = Release|Any CPU
		{0740F160-92B2-494E-8288-E6AA371EB57E}.Release|x86.ActiveCfg = Release|Any CPU
		{0740F160-92B2-494E-8288-E6AA371EB57E}.Release|x86.Build.0 = Release|Any CPU
		{BDCEAE58-EAD2-42B1-BD37-EB2CAF591B8B}.Debug|Any CPU.ActiveCfg = Debug|Any CPU
		{BDCEAE58-EAD2-42B1-BD37-EB2CAF591B8B}.Debug|Any CPU.Build.0 = Debug|Any CPU
		{BDCEAE58-EAD2-42B1-BD37-EB2CAF591B8B}.Debug|x64.ActiveCfg = Debug|Any CPU
		{BDCEAE58-EAD2-42B1-BD37-EB2CAF591B8B}.Debug|x64.Build.0 = Debug|Any CPU
		{BDCEAE58-EAD2-42B1-BD37-EB2CAF591B8B}.Debug|x86.ActiveCfg = Debug|Any CPU
		{BDCEAE58-EAD2-42B1-BD37-EB2CAF591B8B}.Debug|x86.Build.0 = Debug|Any CPU
		{BDCEAE58-EAD2-42B1-BD37-EB2CAF591B8B}.Release|Any CPU.ActiveCfg = Release|Any CPU
		{BDCEAE58-EAD2-42B1-BD37-EB2CAF591B8B}.Release|Any CPU.Build.0 = Release|Any CPU
		{BDCEAE58-EAD2-42B1-BD37-EB2CAF591B8B}.Release|x64.ActiveCfg = Release|Any CPU
		{BDCEAE58-EAD2-42B1-BD37-EB2CAF591B8B}.Release|x64.Build.0 = Release|Any CPU
		{BDCEAE58-EAD2-42B1-BD37-EB2CAF591B8B}.Release|x86.ActiveCfg = Release|Any CPU
		{BDCEAE58-EAD2-42B1-BD37-EB2CAF591B8B}.Release|x86.Build.0 = Release|Any CPU
		{D680F842-AA46-4B9B-9011-AB1AA7BCFC28}.Debug|Any CPU.ActiveCfg = Debug|Any CPU
		{D680F842-AA46-4B9B-9011-AB1AA7BCFC28}.Debug|Any CPU.Build.0 = Debug|Any CPU
		{D680F842-AA46-4B9B-9011-AB1AA7BCFC28}.Debug|x64.ActiveCfg = Debug|Any CPU
		{D680F842-AA46-4B9B-9011-AB1AA7BCFC28}.Debug|x64.Build.0 = Debug|Any CPU
		{D680F842-AA46-4B9B-9011-AB1AA7BCFC28}.Debug|x86.ActiveCfg = Debug|Any CPU
		{D680F842-AA46-4B9B-9011-AB1AA7BCFC28}.Debug|x86.Build.0 = Debug|Any CPU
		{D680F842-AA46-4B9B-9011-AB1AA7BCFC28}.Release|Any CPU.ActiveCfg = Release|Any CPU
		{D680F842-AA46-4B9B-9011-AB1AA7BCFC28}.Release|Any CPU.Build.0 = Release|Any CPU
		{D680F842-AA46-4B9B-9011-AB1AA7BCFC28}.Release|x64.ActiveCfg = Release|Any CPU
		{D680F842-AA46-4B9B-9011-AB1AA7BCFC28}.Release|x64.Build.0 = Release|Any CPU
		{D680F842-AA46-4B9B-9011-AB1AA7BCFC28}.Release|x86.ActiveCfg = Release|Any CPU
		{D680F842-AA46-4B9B-9011-AB1AA7BCFC28}.Release|x86.Build.0 = Release|Any CPU
		{5A19BAC1-4EF1-4FB4-BEEB-F46620560387}.Debug|Any CPU.ActiveCfg = Debug|Any CPU
		{5A19BAC1-4EF1-4FB4-BEEB-F46620560387}.Debug|Any CPU.Build.0 = Debug|Any CPU
		{5A19BAC1-4EF1-4FB4-BEEB-F46620560387}.Debug|x64.ActiveCfg = Debug|Any CPU
		{5A19BAC1-4EF1-4FB4-BEEB-F46620560387}.Debug|x64.Build.0 = Debug|Any CPU
		{5A19BAC1-4EF1-4FB4-BEEB-F46620560387}.Debug|x86.ActiveCfg = Debug|Any CPU
		{5A19BAC1-4EF1-4FB4-BEEB-F46620560387}.Debug|x86.Build.0 = Debug|Any CPU
		{5A19BAC1-4EF1-4FB4-BEEB-F46620560387}.Release|Any CPU.ActiveCfg = Release|Any CPU
		{5A19BAC1-4EF1-4FB4-BEEB-F46620560387}.Release|Any CPU.Build.0 = Release|Any CPU
		{5A19BAC1-4EF1-4FB4-BEEB-F46620560387}.Release|x64.ActiveCfg = Release|Any CPU
		{5A19BAC1-4EF1-4FB4-BEEB-F46620560387}.Release|x64.Build.0 = Release|Any CPU
		{5A19BAC1-4EF1-4FB4-BEEB-F46620560387}.Release|x86.ActiveCfg = Release|Any CPU
		{5A19BAC1-4EF1-4FB4-BEEB-F46620560387}.Release|x86.Build.0 = Release|Any CPU
		{F41C59B0-B10C-482B-BA8E-4FB90146BC1C}.Debug|Any CPU.ActiveCfg = Debug|Any CPU
		{F41C59B0-B10C-482B-BA8E-4FB90146BC1C}.Debug|Any CPU.Build.0 = Debug|Any CPU
		{F41C59B0-B10C-482B-BA8E-4FB90146BC1C}.Debug|x64.ActiveCfg = Debug|Any CPU
		{F41C59B0-B10C-482B-BA8E-4FB90146BC1C}.Debug|x64.Build.0 = Debug|Any CPU
		{F41C59B0-B10C-482B-BA8E-4FB90146BC1C}.Debug|x86.ActiveCfg = Debug|Any CPU
		{F41C59B0-B10C-482B-BA8E-4FB90146BC1C}.Debug|x86.Build.0 = Debug|Any CPU
		{F41C59B0-B10C-482B-BA8E-4FB90146BC1C}.Release|Any CPU.ActiveCfg = Release|Any CPU
		{F41C59B0-B10C-482B-BA8E-4FB90146BC1C}.Release|Any CPU.Build.0 = Release|Any CPU
		{F41C59B0-B10C-482B-BA8E-4FB90146BC1C}.Release|x64.ActiveCfg = Release|Any CPU
		{F41C59B0-B10C-482B-BA8E-4FB90146BC1C}.Release|x64.Build.0 = Release|Any CPU
		{F41C59B0-B10C-482B-BA8E-4FB90146BC1C}.Release|x86.ActiveCfg = Release|Any CPU
		{F41C59B0-B10C-482B-BA8E-4FB90146BC1C}.Release|x86.Build.0 = Release|Any CPU
		{D9265D65-E91C-48D3-B949-AAC2368A44D1}.Debug|Any CPU.ActiveCfg = Debug|Any CPU
		{D9265D65-E91C-48D3-B949-AAC2368A44D1}.Debug|Any CPU.Build.0 = Debug|Any CPU
		{D9265D65-E91C-48D3-B949-AAC2368A44D1}.Debug|x64.ActiveCfg = Debug|Any CPU
		{D9265D65-E91C-48D3-B949-AAC2368A44D1}.Debug|x64.Build.0 = Debug|Any CPU
		{D9265D65-E91C-48D3-B949-AAC2368A44D1}.Debug|x86.ActiveCfg = Debug|Any CPU
		{D9265D65-E91C-48D3-B949-AAC2368A44D1}.Debug|x86.Build.0 = Debug|Any CPU
		{D9265D65-E91C-48D3-B949-AAC2368A44D1}.Release|Any CPU.ActiveCfg = Release|Any CPU
		{D9265D65-E91C-48D3-B949-AAC2368A44D1}.Release|Any CPU.Build.0 = Release|Any CPU
		{D9265D65-E91C-48D3-B949-AAC2368A44D1}.Release|x64.ActiveCfg = Release|Any CPU
		{D9265D65-E91C-48D3-B949-AAC2368A44D1}.Release|x64.Build.0 = Release|Any CPU
		{D9265D65-E91C-48D3-B949-AAC2368A44D1}.Release|x86.ActiveCfg = Release|Any CPU
		{D9265D65-E91C-48D3-B949-AAC2368A44D1}.Release|x86.Build.0 = Release|Any CPU
		{946E4391-7466-40DF-8D70-340E1499A4C7}.Debug|Any CPU.ActiveCfg = Debug|Any CPU
		{946E4391-7466-40DF-8D70-340E1499A4C7}.Debug|Any CPU.Build.0 = Debug|Any CPU
		{946E4391-7466-40DF-8D70-340E1499A4C7}.Debug|x64.ActiveCfg = Debug|Any CPU
		{946E4391-7466-40DF-8D70-340E1499A4C7}.Debug|x64.Build.0 = Debug|Any CPU
		{946E4391-7466-40DF-8D70-340E1499A4C7}.Debug|x86.ActiveCfg = Debug|Any CPU
		{946E4391-7466-40DF-8D70-340E1499A4C7}.Debug|x86.Build.0 = Debug|Any CPU
		{946E4391-7466-40DF-8D70-340E1499A4C7}.Release|Any CPU.ActiveCfg = Release|Any CPU
		{946E4391-7466-40DF-8D70-340E1499A4C7}.Release|Any CPU.Build.0 = Release|Any CPU
		{946E4391-7466-40DF-8D70-340E1499A4C7}.Release|x64.ActiveCfg = Release|Any CPU
		{946E4391-7466-40DF-8D70-340E1499A4C7}.Release|x64.Build.0 = Release|Any CPU
		{946E4391-7466-40DF-8D70-340E1499A4C7}.Release|x86.ActiveCfg = Release|Any CPU
		{946E4391-7466-40DF-8D70-340E1499A4C7}.Release|x86.Build.0 = Release|Any CPU
		{4F507D61-1890-4B92-8F66-27855D45BBA0}.Debug|Any CPU.ActiveCfg = Debug|Any CPU
		{4F507D61-1890-4B92-8F66-27855D45BBA0}.Debug|Any CPU.Build.0 = Debug|Any CPU
		{4F507D61-1890-4B92-8F66-27855D45BBA0}.Debug|x64.ActiveCfg = Debug|Any CPU
		{4F507D61-1890-4B92-8F66-27855D45BBA0}.Debug|x64.Build.0 = Debug|Any CPU
		{4F507D61-1890-4B92-8F66-27855D45BBA0}.Debug|x86.ActiveCfg = Debug|Any CPU
		{4F507D61-1890-4B92-8F66-27855D45BBA0}.Debug|x86.Build.0 = Debug|Any CPU
		{4F507D61-1890-4B92-8F66-27855D45BBA0}.Release|Any CPU.ActiveCfg = Release|Any CPU
		{4F507D61-1890-4B92-8F66-27855D45BBA0}.Release|Any CPU.Build.0 = Release|Any CPU
		{4F507D61-1890-4B92-8F66-27855D45BBA0}.Release|x64.ActiveCfg = Release|Any CPU
		{4F507D61-1890-4B92-8F66-27855D45BBA0}.Release|x64.Build.0 = Release|Any CPU
		{4F507D61-1890-4B92-8F66-27855D45BBA0}.Release|x86.ActiveCfg = Release|Any CPU
		{4F507D61-1890-4B92-8F66-27855D45BBA0}.Release|x86.Build.0 = Release|Any CPU
		{3188B33E-E7F4-45A0-84BB-7E676B5C19BB}.Debug|Any CPU.ActiveCfg = Debug|Any CPU
		{3188B33E-E7F4-45A0-84BB-7E676B5C19BB}.Debug|Any CPU.Build.0 = Debug|Any CPU
		{3188B33E-E7F4-45A0-84BB-7E676B5C19BB}.Debug|x64.ActiveCfg = Debug|Any CPU
		{3188B33E-E7F4-45A0-84BB-7E676B5C19BB}.Debug|x64.Build.0 = Debug|Any CPU
		{3188B33E-E7F4-45A0-84BB-7E676B5C19BB}.Debug|x86.ActiveCfg = Debug|Any CPU
		{3188B33E-E7F4-45A0-84BB-7E676B5C19BB}.Debug|x86.Build.0 = Debug|Any CPU
		{3188B33E-E7F4-45A0-84BB-7E676B5C19BB}.Release|Any CPU.ActiveCfg = Release|Any CPU
		{3188B33E-E7F4-45A0-84BB-7E676B5C19BB}.Release|Any CPU.Build.0 = Release|Any CPU
		{3188B33E-E7F4-45A0-84BB-7E676B5C19BB}.Release|x64.ActiveCfg = Release|Any CPU
		{3188B33E-E7F4-45A0-84BB-7E676B5C19BB}.Release|x64.Build.0 = Release|Any CPU
		{3188B33E-E7F4-45A0-84BB-7E676B5C19BB}.Release|x86.ActiveCfg = Release|Any CPU
		{3188B33E-E7F4-45A0-84BB-7E676B5C19BB}.Release|x86.Build.0 = Release|Any CPU
		{1DD51549-1EA2-4922-997C-78B02094B0B1}.Debug|Any CPU.ActiveCfg = Debug|Any CPU
		{1DD51549-1EA2-4922-997C-78B02094B0B1}.Debug|Any CPU.Build.0 = Debug|Any CPU
		{1DD51549-1EA2-4922-997C-78B02094B0B1}.Debug|x64.ActiveCfg = Debug|Any CPU
		{1DD51549-1EA2-4922-997C-78B02094B0B1}.Debug|x64.Build.0 = Debug|Any CPU
		{1DD51549-1EA2-4922-997C-78B02094B0B1}.Debug|x86.ActiveCfg = Debug|Any CPU
		{1DD51549-1EA2-4922-997C-78B02094B0B1}.Debug|x86.Build.0 = Debug|Any CPU
		{1DD51549-1EA2-4922-997C-78B02094B0B1}.Release|Any CPU.ActiveCfg = Release|Any CPU
		{1DD51549-1EA2-4922-997C-78B02094B0B1}.Release|Any CPU.Build.0 = Release|Any CPU
		{1DD51549-1EA2-4922-997C-78B02094B0B1}.Release|x64.ActiveCfg = Release|Any CPU
		{1DD51549-1EA2-4922-997C-78B02094B0B1}.Release|x64.Build.0 = Release|Any CPU
		{1DD51549-1EA2-4922-997C-78B02094B0B1}.Release|x86.ActiveCfg = Release|Any CPU
		{1DD51549-1EA2-4922-997C-78B02094B0B1}.Release|x86.Build.0 = Release|Any CPU
		{E1E50566-60B2-4109-AFBD-DA7275921A99}.Debug|Any CPU.ActiveCfg = Debug|Any CPU
		{E1E50566-60B2-4109-AFBD-DA7275921A99}.Debug|Any CPU.Build.0 = Debug|Any CPU
		{E1E50566-60B2-4109-AFBD-DA7275921A99}.Debug|x64.ActiveCfg = Debug|Any CPU
		{E1E50566-60B2-4109-AFBD-DA7275921A99}.Debug|x64.Build.0 = Debug|Any CPU
		{E1E50566-60B2-4109-AFBD-DA7275921A99}.Debug|x86.ActiveCfg = Debug|Any CPU
		{E1E50566-60B2-4109-AFBD-DA7275921A99}.Debug|x86.Build.0 = Debug|Any CPU
		{E1E50566-60B2-4109-AFBD-DA7275921A99}.Release|Any CPU.ActiveCfg = Release|Any CPU
		{E1E50566-60B2-4109-AFBD-DA7275921A99}.Release|Any CPU.Build.0 = Release|Any CPU
		{E1E50566-60B2-4109-AFBD-DA7275921A99}.Release|x64.ActiveCfg = Release|Any CPU
		{E1E50566-60B2-4109-AFBD-DA7275921A99}.Release|x64.Build.0 = Release|Any CPU
		{E1E50566-60B2-4109-AFBD-DA7275921A99}.Release|x86.ActiveCfg = Release|Any CPU
		{E1E50566-60B2-4109-AFBD-DA7275921A99}.Release|x86.Build.0 = Release|Any CPU
		{2FA58079-3302-49A9-8D75-548A2424350D}.Debug|Any CPU.ActiveCfg = Debug|Any CPU
		{2FA58079-3302-49A9-8D75-548A2424350D}.Debug|Any CPU.Build.0 = Debug|Any CPU
		{2FA58079-3302-49A9-8D75-548A2424350D}.Debug|x64.ActiveCfg = Debug|Any CPU
		{2FA58079-3302-49A9-8D75-548A2424350D}.Debug|x64.Build.0 = Debug|Any CPU
		{2FA58079-3302-49A9-8D75-548A2424350D}.Debug|x86.ActiveCfg = Debug|Any CPU
		{2FA58079-3302-49A9-8D75-548A2424350D}.Debug|x86.Build.0 = Debug|Any CPU
		{2FA58079-3302-49A9-8D75-548A2424350D}.Release|Any CPU.ActiveCfg = Release|Any CPU
		{2FA58079-3302-49A9-8D75-548A2424350D}.Release|Any CPU.Build.0 = Release|Any CPU
		{2FA58079-3302-49A9-8D75-548A2424350D}.Release|x64.ActiveCfg = Release|Any CPU
		{2FA58079-3302-49A9-8D75-548A2424350D}.Release|x64.Build.0 = Release|Any CPU
		{2FA58079-3302-49A9-8D75-548A2424350D}.Release|x86.ActiveCfg = Release|Any CPU
		{2FA58079-3302-49A9-8D75-548A2424350D}.Release|x86.Build.0 = Release|Any CPU
		{257CC0EA-F31C-467C-ABBE-55D7F5E5A770}.Debug|Any CPU.ActiveCfg = Debug|Any CPU
		{257CC0EA-F31C-467C-ABBE-55D7F5E5A770}.Debug|Any CPU.Build.0 = Debug|Any CPU
		{257CC0EA-F31C-467C-ABBE-55D7F5E5A770}.Debug|x64.ActiveCfg = Debug|Any CPU
		{257CC0EA-F31C-467C-ABBE-55D7F5E5A770}.Debug|x64.Build.0 = Debug|Any CPU
		{257CC0EA-F31C-467C-ABBE-55D7F5E5A770}.Debug|x86.ActiveCfg = Debug|Any CPU
		{257CC0EA-F31C-467C-ABBE-55D7F5E5A770}.Debug|x86.Build.0 = Debug|Any CPU
		{257CC0EA-F31C-467C-ABBE-55D7F5E5A770}.Release|Any CPU.ActiveCfg = Release|Any CPU
		{257CC0EA-F31C-467C-ABBE-55D7F5E5A770}.Release|Any CPU.Build.0 = Release|Any CPU
		{257CC0EA-F31C-467C-ABBE-55D7F5E5A770}.Release|x64.ActiveCfg = Release|Any CPU
		{257CC0EA-F31C-467C-ABBE-55D7F5E5A770}.Release|x64.Build.0 = Release|Any CPU
		{257CC0EA-F31C-467C-ABBE-55D7F5E5A770}.Release|x86.ActiveCfg = Release|Any CPU
		{257CC0EA-F31C-467C-ABBE-55D7F5E5A770}.Release|x86.Build.0 = Release|Any CPU
		{A41E8386-C928-49A0-95E8-6DD312BFEC0B}.Debug|Any CPU.ActiveCfg = Debug|Any CPU
		{A41E8386-C928-49A0-95E8-6DD312BFEC0B}.Debug|Any CPU.Build.0 = Debug|Any CPU
		{A41E8386-C928-49A0-95E8-6DD312BFEC0B}.Debug|x64.ActiveCfg = Debug|Any CPU
		{A41E8386-C928-49A0-95E8-6DD312BFEC0B}.Debug|x64.Build.0 = Debug|Any CPU
		{A41E8386-C928-49A0-95E8-6DD312BFEC0B}.Debug|x86.ActiveCfg = Debug|Any CPU
		{A41E8386-C928-49A0-95E8-6DD312BFEC0B}.Debug|x86.Build.0 = Debug|Any CPU
		{A41E8386-C928-49A0-95E8-6DD312BFEC0B}.Release|Any CPU.ActiveCfg = Release|Any CPU
		{A41E8386-C928-49A0-95E8-6DD312BFEC0B}.Release|Any CPU.Build.0 = Release|Any CPU
		{A41E8386-C928-49A0-95E8-6DD312BFEC0B}.Release|x64.ActiveCfg = Release|Any CPU
		{A41E8386-C928-49A0-95E8-6DD312BFEC0B}.Release|x64.Build.0 = Release|Any CPU
		{A41E8386-C928-49A0-95E8-6DD312BFEC0B}.Release|x86.ActiveCfg = Release|Any CPU
		{A41E8386-C928-49A0-95E8-6DD312BFEC0B}.Release|x86.Build.0 = Release|Any CPU
		{3DD20778-1860-4C83-99FE-33C810107C1A}.Debug|Any CPU.ActiveCfg = Debug|Any CPU
		{3DD20778-1860-4C83-99FE-33C810107C1A}.Debug|Any CPU.Build.0 = Debug|Any CPU
		{3DD20778-1860-4C83-99FE-33C810107C1A}.Debug|x64.ActiveCfg = Debug|Any CPU
		{3DD20778-1860-4C83-99FE-33C810107C1A}.Debug|x64.Build.0 = Debug|Any CPU
		{3DD20778-1860-4C83-99FE-33C810107C1A}.Debug|x86.ActiveCfg = Debug|Any CPU
		{3DD20778-1860-4C83-99FE-33C810107C1A}.Debug|x86.Build.0 = Debug|Any CPU
		{3DD20778-1860-4C83-99FE-33C810107C1A}.Release|Any CPU.ActiveCfg = Release|Any CPU
		{3DD20778-1860-4C83-99FE-33C810107C1A}.Release|Any CPU.Build.0 = Release|Any CPU
		{3DD20778-1860-4C83-99FE-33C810107C1A}.Release|x64.ActiveCfg = Release|Any CPU
		{3DD20778-1860-4C83-99FE-33C810107C1A}.Release|x64.Build.0 = Release|Any CPU
		{3DD20778-1860-4C83-99FE-33C810107C1A}.Release|x86.ActiveCfg = Release|Any CPU
		{3DD20778-1860-4C83-99FE-33C810107C1A}.Release|x86.Build.0 = Release|Any CPU
		{9BED13B2-E880-4C32-AFDA-C80EE3C780BB}.Debug|Any CPU.ActiveCfg = Debug|Any CPU
		{9BED13B2-E880-4C32-AFDA-C80EE3C780BB}.Debug|Any CPU.Build.0 = Debug|Any CPU
		{9BED13B2-E880-4C32-AFDA-C80EE3C780BB}.Debug|x64.ActiveCfg = Debug|Any CPU
		{9BED13B2-E880-4C32-AFDA-C80EE3C780BB}.Debug|x64.Build.0 = Debug|Any CPU
		{9BED13B2-E880-4C32-AFDA-C80EE3C780BB}.Debug|x86.ActiveCfg = Debug|Any CPU
		{9BED13B2-E880-4C32-AFDA-C80EE3C780BB}.Debug|x86.Build.0 = Debug|Any CPU
		{9BED13B2-E880-4C32-AFDA-C80EE3C780BB}.Release|Any CPU.ActiveCfg = Release|Any CPU
		{9BED13B2-E880-4C32-AFDA-C80EE3C780BB}.Release|Any CPU.Build.0 = Release|Any CPU
		{9BED13B2-E880-4C32-AFDA-C80EE3C780BB}.Release|x64.ActiveCfg = Release|Any CPU
		{9BED13B2-E880-4C32-AFDA-C80EE3C780BB}.Release|x64.Build.0 = Release|Any CPU
		{9BED13B2-E880-4C32-AFDA-C80EE3C780BB}.Release|x86.ActiveCfg = Release|Any CPU
		{9BED13B2-E880-4C32-AFDA-C80EE3C780BB}.Release|x86.Build.0 = Release|Any CPU
		{DDE533A7-46D2-4CA0-847D-F8602EFC4D3A}.Debug|Any CPU.ActiveCfg = Debug|Any CPU
		{DDE533A7-46D2-4CA0-847D-F8602EFC4D3A}.Debug|Any CPU.Build.0 = Debug|Any CPU
		{DDE533A7-46D2-4CA0-847D-F8602EFC4D3A}.Debug|x64.ActiveCfg = Debug|Any CPU
		{DDE533A7-46D2-4CA0-847D-F8602EFC4D3A}.Debug|x64.Build.0 = Debug|Any CPU
		{DDE533A7-46D2-4CA0-847D-F8602EFC4D3A}.Debug|x86.ActiveCfg = Debug|Any CPU
		{DDE533A7-46D2-4CA0-847D-F8602EFC4D3A}.Debug|x86.Build.0 = Debug|Any CPU
		{DDE533A7-46D2-4CA0-847D-F8602EFC4D3A}.Release|Any CPU.ActiveCfg = Release|Any CPU
		{DDE533A7-46D2-4CA0-847D-F8602EFC4D3A}.Release|Any CPU.Build.0 = Release|Any CPU
		{DDE533A7-46D2-4CA0-847D-F8602EFC4D3A}.Release|x64.ActiveCfg = Release|Any CPU
		{DDE533A7-46D2-4CA0-847D-F8602EFC4D3A}.Release|x64.Build.0 = Release|Any CPU
		{DDE533A7-46D2-4CA0-847D-F8602EFC4D3A}.Release|x86.ActiveCfg = Release|Any CPU
		{DDE533A7-46D2-4CA0-847D-F8602EFC4D3A}.Release|x86.Build.0 = Release|Any CPU
		{76A75151-5825-4C30-8585-CFEC7D0748F8}.Debug|Any CPU.ActiveCfg = Debug|Any CPU
		{76A75151-5825-4C30-8585-CFEC7D0748F8}.Debug|Any CPU.Build.0 = Debug|Any CPU
		{76A75151-5825-4C30-8585-CFEC7D0748F8}.Debug|x64.ActiveCfg = Debug|Any CPU
		{76A75151-5825-4C30-8585-CFEC7D0748F8}.Debug|x64.Build.0 = Debug|Any CPU
		{76A75151-5825-4C30-8585-CFEC7D0748F8}.Debug|x86.ActiveCfg = Debug|Any CPU
		{76A75151-5825-4C30-8585-CFEC7D0748F8}.Debug|x86.Build.0 = Debug|Any CPU
		{76A75151-5825-4C30-8585-CFEC7D0748F8}.Release|Any CPU.ActiveCfg = Release|Any CPU
		{76A75151-5825-4C30-8585-CFEC7D0748F8}.Release|Any CPU.Build.0 = Release|Any CPU
		{76A75151-5825-4C30-8585-CFEC7D0748F8}.Release|x64.ActiveCfg = Release|Any CPU
		{76A75151-5825-4C30-8585-CFEC7D0748F8}.Release|x64.Build.0 = Release|Any CPU
		{76A75151-5825-4C30-8585-CFEC7D0748F8}.Release|x86.ActiveCfg = Release|Any CPU
		{76A75151-5825-4C30-8585-CFEC7D0748F8}.Release|x86.Build.0 = Release|Any CPU
		{DFDA2B10-8253-4854-99D5-58335296CA3C}.Debug|Any CPU.ActiveCfg = Debug|Any CPU
		{DFDA2B10-8253-4854-99D5-58335296CA3C}.Debug|Any CPU.Build.0 = Debug|Any CPU
		{DFDA2B10-8253-4854-99D5-58335296CA3C}.Debug|x64.ActiveCfg = Debug|Any CPU
		{DFDA2B10-8253-4854-99D5-58335296CA3C}.Debug|x64.Build.0 = Debug|Any CPU
		{DFDA2B10-8253-4854-99D5-58335296CA3C}.Debug|x86.ActiveCfg = Debug|Any CPU
		{DFDA2B10-8253-4854-99D5-58335296CA3C}.Debug|x86.Build.0 = Debug|Any CPU
		{DFDA2B10-8253-4854-99D5-58335296CA3C}.Release|Any CPU.ActiveCfg = Release|Any CPU
		{DFDA2B10-8253-4854-99D5-58335296CA3C}.Release|Any CPU.Build.0 = Release|Any CPU
		{DFDA2B10-8253-4854-99D5-58335296CA3C}.Release|x64.ActiveCfg = Release|Any CPU
		{DFDA2B10-8253-4854-99D5-58335296CA3C}.Release|x64.Build.0 = Release|Any CPU
		{DFDA2B10-8253-4854-99D5-58335296CA3C}.Release|x86.ActiveCfg = Release|Any CPU
		{DFDA2B10-8253-4854-99D5-58335296CA3C}.Release|x86.Build.0 = Release|Any CPU
	EndGlobalSection
	GlobalSection(NestedProjects) = preSolution
		{33A4980E-0BC7-4799-ABA1-5A409960493B} = {6D389B04-8258-4988-A41A-C10B7DFD4E79}
		{408A426F-A902-4B4E-A1FC-3DD6E8873984} = {6D389B04-8258-4988-A41A-C10B7DFD4E79}
		{833ED53C-34F4-4E8E-BBB7-4D1DD6A15D4D} = {6D389B04-8258-4988-A41A-C10B7DFD4E79}
		{BA908139-014E-4D4C-87DA-913E41902D74} = {F69ADE3C-9C9E-4B05-A95B-B7008A3DF839}
		{B1FC1C0E-2C49-40B2-BA7A-FDEEC5BF3729} = {F69ADE3C-9C9E-4B05-A95B-B7008A3DF839}
		{3B22ADDB-EA63-47F5-A8B0-794288FA9472} = {F69ADE3C-9C9E-4B05-A95B-B7008A3DF839}
		{0740F160-92B2-494E-8288-E6AA371EB57E} = {6D389B04-8258-4988-A41A-C10B7DFD4E79}
		{BDCEAE58-EAD2-42B1-BD37-EB2CAF591B8B} = {F69ADE3C-9C9E-4B05-A95B-B7008A3DF839}
		{D680F842-AA46-4B9B-9011-AB1AA7BCFC28} = {6D389B04-8258-4988-A41A-C10B7DFD4E79}
		{5A19BAC1-4EF1-4FB4-BEEB-F46620560387} = {F69ADE3C-9C9E-4B05-A95B-B7008A3DF839}
		{F41C59B0-B10C-482B-BA8E-4FB90146BC1C} = {F69ADE3C-9C9E-4B05-A95B-B7008A3DF839}
		{D9265D65-E91C-48D3-B949-AAC2368A44D1} = {F69ADE3C-9C9E-4B05-A95B-B7008A3DF839}
		{946E4391-7466-40DF-8D70-340E1499A4C7} = {F69ADE3C-9C9E-4B05-A95B-B7008A3DF839}
		{4F507D61-1890-4B92-8F66-27855D45BBA0} = {6D389B04-8258-4988-A41A-C10B7DFD4E79}
		{3188B33E-E7F4-45A0-84BB-7E676B5C19BB} = {F69ADE3C-9C9E-4B05-A95B-B7008A3DF839}
		{1DD51549-1EA2-4922-997C-78B02094B0B1} = {F69ADE3C-9C9E-4B05-A95B-B7008A3DF839}
		{E1E50566-60B2-4109-AFBD-DA7275921A99} = {6D389B04-8258-4988-A41A-C10B7DFD4E79}
		{2FA58079-3302-49A9-8D75-548A2424350D} = {F69ADE3C-9C9E-4B05-A95B-B7008A3DF839}
		{257CC0EA-F31C-467C-ABBE-55D7F5E5A770} = {BEAD0DFB-467E-4537-9D47-23721A07C9C0}
		{A41E8386-C928-49A0-95E8-6DD312BFEC0B} = {F69ADE3C-9C9E-4B05-A95B-B7008A3DF839}
		{3DD20778-1860-4C83-99FE-33C810107C1A} = {F69ADE3C-9C9E-4B05-A95B-B7008A3DF839}
		{9BED13B2-E880-4C32-AFDA-C80EE3C780BB} = {6D389B04-8258-4988-A41A-C10B7DFD4E79}
		{DDE533A7-46D2-4CA0-847D-F8602EFC4D3A} = {6D389B04-8258-4988-A41A-C10B7DFD4E79}
		{76A75151-5825-4C30-8585-CFEC7D0748F8} = {F69ADE3C-9C9E-4B05-A95B-B7008A3DF839}
		{DFDA2B10-8253-4854-99D5-58335296CA3C} = {F69ADE3C-9C9E-4B05-A95B-B7008A3DF839}
	EndGlobalSection
EndGlobal
