Microsoft Visual Studio Solution File, Format Version 12.00
# Visual Studio Version 17
VisualStudioVersion = 17.5.2.0
MinimumVisualStudioVersion = 10.0.40219.1
Project("{2150E333-8FDC-42A3-9474-1A3956D46DE8}") = "src", "src", "{6D389B04-8258-4988-A41A-C10B7DFD4E79}"
EndProject
Project("{2150E333-8FDC-42A3-9474-1A3956D46DE8}") = "tests", "tests", "{F69ADE3C-9C9E-4B05-A95B-B7008A3DF839}"
EndProject
Project("{FAE04EC0-301F-11D3-BF4B-00C04F79EFBC}") = "Fudie", "src\Fudie\Fudie.csproj", "{33A4980E-0BC7-4799-ABA1-5A409960493B}"
EndProject
Project("{FAE04EC0-301F-11D3-BF4B-00C04F79EFBC}") = "Customer", "src\Customer\Customer.csproj", "{408A426F-A902-4B4E-A1FC-3DD6E8873984}"
EndProject
Project("{FAE04EC0-301F-11D3-BF4B-00C04F79EFBC}") = "Schedulers", "src\Schedulers\Schedulers.csproj", "{833ED53C-34F4-4E8E-BBB7-4D1DD6A15D4D}"
EndProject
Project("{FAE04EC0-301F-11D3-BF4B-00C04F79EFBC}") = "ScheDulers.UnitTests", "tests\ScheDulers.UnitTests\ScheDulers.UnitTests.csproj", "{BA908139-014E-4D4C-87DA-913E41902D74}"
EndProject
Project("{FAE04EC0-301F-11D3-BF4B-00C04F79EFBC}") = "Fudie.UnitTests", "tests\Fudie.UnitTests\Fudie.UnitTests.csproj", "{B1FC1C0E-2C49-40B2-BA7A-FDEEC5BF3729}"
EndProject
Project("{FAE04EC0-301F-11D3-BF4B-00C04F79EFBC}") = "Customer.UnitTests", "tests\Customer.UnitTests\Customer.UnitTests.csproj", "{3B22ADDB-EA63-47F5-A8B0-794288FA9472}"
EndProject
Project("{FAE04EC0-301F-11D3-BF4B-00C04F79EFBC}") = "Fudie.Generator", "src\Fudie.Generator\Fudie.Generator.csproj", "{0740F160-92B2-494E-8288-E6AA371EB57E}"
EndProject
Project("{FAE04EC0-301F-11D3-BF4B-00C04F79EFBC}") = "Fudie.Generator.UnitTests", "tests\Fudie.Generator.UnitTests\Fudie.Generator.UnitTests.csproj", "{BDCEAE58-EAD2-42B1-BD37-EB2CAF591B8B}"
EndProject
Project("{FAE04EC0-301F-11D3-BF4B-00C04F79EFBC}") = "Plan", "src\Plan\Plan.csproj", "{D680F842-AA46-4B9B-9011-AB1AA7BCFC28}"
EndProject
Project("{FAE04EC0-301F-11D3-BF4B-00C04F79EFBC}") = "Plan.UnitTests", "tests\Plan.UnitTests\Plan.UnitTests.csproj", "{5A19BAC1-4EF1-4FB4-BEEB-F46620560387}"
EndProject
Project("{FAE04EC0-301F-11D3-BF4B-00C04F79EFBC}") = "Customer.IntegrationTests", "tests\Customer.IntegrationTests\Customer.IntegrationTests.csproj", "{F41C59B0-B10C-482B-BA8E-4FB90146BC1C}"
EndProject
Project("{FAE04EC0-301F-11D3-BF4B-00C04F79EFBC}") = "Plan.IntegrationTests", "tests\Plan.IntegrationTests\Plan.IntegrationTests.csproj", "{D9265D65-E91C-48D3-B949-AAC2368A44D1}"
EndProject
Global
	GlobalSection(SolutionProperties) = preSolution
		HideSolutionNode = FALSE
	EndGlobalSection
	GlobalSection(ExtensibilityGlobals) = postSolution
		SolutionGuid = {6B5F3ED5-ED75-4531-9141-13FEA853E430}
	EndGlobalSection
	GlobalSection(SolutionConfigurationPlatforms) = preSolution
		Debug|Any CPU = Debug|Any CPU
		Debug|x64 = Debug|x64
		Debug|x86 = Debug|x86
		Release|Any CPU = Release|Any CPU
		Release|x64 = Release|x64
		Release|x86 = Release|x86
	EndGlobalSection
	GlobalSection(ProjectConfigurationPlatforms) = postSolution
		{33A4980E-0BC7-4799-ABA1-5A409960493B}.Debug|Any CPU.ActiveCfg = Debug|Any CPU
		{33A4980E-0BC7-4799-ABA1-5A409960493B}.Debug|Any CPU.Build.0 = Debug|Any CPU
		{33A4980E-0BC7-4799-ABA1-5A409960493B}.Debug|x64.ActiveCfg = Debug|Any CPU
		{33A4980E-0BC7-4799-ABA1-5A409960493B}.Debug|x64.Build.0 = Debug|Any CPU
		{33A4980E-0BC7-4799-ABA1-5A409960493B}.Debug|x86.ActiveCfg = Debug|Any CPU
		{33A4980E-0BC7-4799-ABA1-5A409960493B}.Debug|x86.Build.0 = Debug|Any CPU
		{33A4980E-0BC7-4799-ABA1-5A409960493B}.Release|Any CPU.ActiveCfg = Release|Any CPU
		{33A4980E-0BC7-4799-ABA1-5A409960493B}.Release|Any CPU.Build.0 = Release|Any CPU
		{33A4980E-0BC7-4799-ABA1-5A409960493B}.Release|x64.ActiveCfg = Release|Any CPU
		{33A4980E-0BC7-4799-ABA1-5A409960493B}.Release|x64.Build.0 = Release|Any CPU
		{33A4980E-0BC7-4799-ABA1-5A409960493B}.Release|x86.ActiveCfg = Release|Any CPU
		{33A4980E-0BC7-4799-ABA1-5A409960493B}.Release|x86.Build.0 = Release|Any CPU
		{408A426F-A902-4B4E-A1FC-3DD6E8873984}.Debug|Any CPU.ActiveCfg = Debug|Any CPU
		{408A426F-A902-4B4E-A1FC-3DD6E8873984}.Debug|Any CPU.Build.0 = Debug|Any CPU
		{408A426F-A902-4B4E-A1FC-3DD6E8873984}.Debug|x64.ActiveCfg = Debug|Any CPU
		{408A426F-A902-4B4E-A1FC-3DD6E8873984}.Debug|x64.Build.0 = Debug|Any CPU
		{408A426F-A902-4B4E-A1FC-3DD6E8873984}.Debug|x86.ActiveCfg = Debug|Any CPU
		{408A426F-A902-4B4E-A1FC-3DD6E8873984}.Debug|x86.Build.0 = Debug|Any CPU
		{408A426F-A902-4B4E-A1FC-3DD6E8873984}.Release|Any CPU.ActiveCfg = Release|Any CPU
		{408A426F-A902-4B4E-A1FC-3DD6E8873984}.Release|Any CPU.Build.0 = Release|Any CPU
		{408A426F-A902-4B4E-A1FC-3DD6E8873984}.Release|x64.ActiveCfg = Release|Any CPU
		{408A426F-A902-4B4E-A1FC-3DD6E8873984}.Release|x64.Build.0 = Release|Any CPU
		{408A426F-A902-4B4E-A1FC-3DD6E8873984}.Release|x86.ActiveCfg = Release|Any CPU
		{408A426F-A902-4B4E-A1FC-3DD6E8873984}.Release|x86.Build.0 = Release|Any CPU
		{833ED53C-34F4-4E8E-BBB7-4D1DD6A15D4D}.Debug|Any CPU.ActiveCfg = Debug|Any CPU
		{833ED53C-34F4-4E8E-BBB7-4D1DD6A15D4D}.Debug|Any CPU.Build.0 = Debug|Any CPU
		{833ED53C-34F4-4E8E-BBB7-4D1DD6A15D4D}.Debug|x64.ActiveCfg = Debug|Any CPU
		{833ED53C-34F4-4E8E-BBB7-4D1DD6A15D4D}.Debug|x64.Build.0 = Debug|Any CPU
		{833ED53C-34F4-4E8E-BBB7-4D1DD6A15D4D}.Debug|x86.ActiveCfg = Debug|Any CPU
		{833ED53C-34F4-4E8E-BBB7-4D1DD6A15D4D}.Debug|x86.Build.0 = Debug|Any CPU
		{833ED53C-34F4-4E8E-BBB7-4D1DD6A15D4D}.Release|Any CPU.ActiveCfg = Release|Any CPU
		{833ED53C-34F4-4E8E-BBB7-4D1DD6A15D4D}.Release|Any CPU.Build.0 = Release|Any CPU
		{833ED53C-34F4-4E8E-BBB7-4D1DD6A15D4D}.Release|x64.ActiveCfg = Release|Any CPU
		{833ED53C-34F4-4E8E-BBB7-4D1DD6A15D4D}.Release|x64.Build.0 = Release|Any CPU
		{833ED53C-34F4-4E8E-BBB7-4D1DD6A15D4D}.Release|x86.ActiveCfg = Release|Any CPU
		{833ED53C-34F4-4E8E-BBB7-4D1DD6A15D4D}.Release|x86.Build.0 = Release|Any CPU
		{BA908139-014E-4D4C-87DA-913E41902D74}.Debug|Any CPU.ActiveCfg = Debug|Any CPU
		{BA908139-014E-4D4C-87DA-913E41902D74}.Debug|Any CPU.Build.0 = Debug|Any CPU
		{BA908139-014E-4D4C-87DA-913E41902D74}.Debug|x64.ActiveCfg = Debug|Any CPU
		{BA908139-014E-4D4C-87DA-913E41902D74}.Debug|x64.Build.0 = Debug|Any CPU
		{BA908139-014E-4D4C-87DA-913E41902D74}.Debug|x86.ActiveCfg = Debug|Any CPU
		{BA908139-014E-4D4C-87DA-913E41902D74}.Debug|x86.Build.0 = Debug|Any CPU
		{BA908139-014E-4D4C-87DA-913E41902D74}.Release|Any CPU.ActiveCfg = Release|Any CPU
		{BA908139-014E-4D4C-87DA-913E41902D74}.Release|Any CPU.Build.0 = Release|Any CPU
		{BA908139-014E-4D4C-87DA-913E41902D74}.Release|x64.ActiveCfg = Release|Any CPU
		{BA908139-014E-4D4C-87DA-913E41902D74}.Release|x64.Build.0 = Release|Any CPU
		{BA908139-014E-4D4C-87DA-913E41902D74}.Release|x86.ActiveCfg = Release|Any CPU
		{BA908139-014E-4D4C-87DA-913E41902D74}.Release|x86.Build.0 = Release|Any CPU
		{B1FC1C0E-2C49-40B2-BA7A-FDEEC5BF3729}.Debug|Any CPU.ActiveCfg = Debug|Any CPU
		{B1FC1C0E-2C49-40B2-BA7A-FDEEC5BF3729}.Debug|Any CPU.Build.0 = Debug|Any CPU
		{B1FC1C0E-2C49-40B2-BA7A-FDEEC5BF3729}.Debug|x64.ActiveCfg = Debug|Any CPU
		{B1FC1C0E-2C49-40B2-BA7A-FDEEC5BF3729}.Debug|x64.Build.0 = Debug|Any CPU
		{B1FC1C0E-2C49-40B2-BA7A-FDEEC5BF3729}.Debug|x86.ActiveCfg = Debug|Any CPU
		{B1FC1C0E-2C49-40B2-BA7A-FDEEC5BF3729}.Debug|x86.Build.0 = Debug|Any CPU
		{B1FC1C0E-2C49-40B2-BA7A-FDEEC5BF3729}.Release|Any CPU.ActiveCfg = Release|Any CPU
		{B1FC1C0E-2C49-40B2-BA7A-FDEEC5BF3729}.Release|Any CPU.Build.0 = Release|Any CPU
		{B1FC1C0E-2C49-40B2-BA7A-FDEEC5BF3729}.Release|x64.ActiveCfg = Release|Any CPU
		{B1FC1C0E-2C49-40B2-BA7A-FDEEC5BF3729}.Release|x64.Build.0 = Release|Any CPU
		{B1FC1C0E-2C49-40B2-BA7A-FDEEC5BF3729}.Release|x86.ActiveCfg = Release|Any CPU
		{B1FC1C0E-2C49-40B2-BA7A-FDEEC5BF3729}.Release|x86.Build.0 = Release|Any CPU
		{3B22ADDB-EA63-47F5-A8B0-794288FA9472}.Debug|Any CPU.ActiveCfg = Debug|Any CPU
		{3B22ADDB-EA63-47F5-A8B0-794288FA9472}.Debug|Any CPU.Build.0 = Debug|Any CPU
		{3B22ADDB-EA63-47F5-A8B0-794288FA9472}.Debug|x64.ActiveCfg = Debug|Any CPU
		{3B22ADDB-EA63-47F5-A8B0-794288FA9472}.Debug|x64.Build.0 = Debug|Any CPU
		{3B22ADDB-EA63-47F5-A8B0-794288FA9472}.Debug|x86.ActiveCfg = Debug|Any CPU
		{3B22ADDB-EA63-47F5-A8B0-794288FA9472}.Debug|x86.Build.0 = Debug|Any CPU
		{3B22ADDB-EA63-47F5-A8B0-794288FA9472}.Release|Any CPU.ActiveCfg = Release|Any CPU
		{3B22ADDB-EA63-47F5-A8B0-794288FA9472}.Release|Any CPU.Build.0 = Release|Any CPU
		{3B22ADDB-EA63-47F5-A8B0-794288FA9472}.Release|x64.ActiveCfg = Release|Any CPU
		{3B22ADDB-EA63-47F5-A8B0-794288FA9472}.Release|x64.Build.0 = Release|Any CPU
		{3B22ADDB-EA63-47F5-A8B0-794288FA9472}.Release|x86.ActiveCfg = Release|Any CPU
		{3B22ADDB-EA63-47F5-A8B0-794288FA9472}.Release|x86.Build.0 = Release|Any CPU
		{0740F160-92B2-494E-8288-E6AA371EB57E}.Debug|Any CPU.ActiveCfg = Debug|Any CPU
		{0740F160-92B2-494E-8288-E6AA371EB57E}.Debug|Any CPU.Build.0 = Debug|Any CPU
		{0740F160-92B2-494E-8288-E6AA371EB57E}.Debug|x64.ActiveCfg = Debug|Any CPU
		{0740F160-92B2-494E-8288-E6AA371EB57E}.Debug|x64.Build.0 = Debug|Any CPU
		{0740F160-92B2-494E-8288-E6AA371EB57E}.Debug|x86.ActiveCfg = Debug|Any CPU
		{0740F160-92B2-494E-8288-E6AA371EB57E}.Debug|x86.Build.0 = Debug|Any CPU
		{0740F160-92B2-494E-8288-E6AA371EB57E}.Release|Any CPU.ActiveCfg = Release|Any CPU
		{0740F160-92B2-494E-8288-E6AA371EB57E}.Release|Any CPU.Build.0 = Release|Any CPU
		{0740F160-92B2-494E-8288-E6AA371EB57E}.Release|x64.ActiveCfg = Release|Any CPU
		{0740F160-92B2-494E-8288-E6AA371EB57E}.Release|x64.Build.0 = Release|Any CPU
		{0740F160-92B2-494E-8288-E6AA371EB57E}.Release|x86.ActiveCfg = Release|Any CPU
		{0740F160-92B2-494E-8288-E6AA371EB57E}.Release|x86.Build.0 = Release|Any CPU
		{BDCEAE58-EAD2-42B1-BD37-EB2CAF591B8B}.Debug|Any CPU.ActiveCfg = Debug|Any CPU
		{BDCEAE58-EAD2-42B1-BD37-EB2CAF591B8B}.Debug|Any CPU.Build.0 = Debug|Any CPU
		{BDCEAE58-EAD2-42B1-BD37-EB2CAF591B8B}.Debug|x64.ActiveCfg = Debug|Any CPU
		{BDCEAE58-EAD2-42B1-BD37-EB2CAF591B8B}.Debug|x64.Build.0 = Debug|Any CPU
		{BDCEAE58-EAD2-42B1-BD37-EB2CAF591B8B}.Debug|x86.ActiveCfg = Debug|Any CPU
		{BDCEAE58-EAD2-42B1-BD37-EB2CAF591B8B}.Debug|x86.Build.0 = Debug|Any CPU
		{BDCEAE58-EAD2-42B1-BD37-EB2CAF591B8B}.Release|Any CPU.ActiveCfg = Release|Any CPU
		{BDCEAE58-EAD2-42B1-BD37-EB2CAF591B8B}.Release|Any CPU.Build.0 = Release|Any CPU
		{BDCEAE58-EAD2-42B1-BD37-EB2CAF591B8B}.Release|x64.ActiveCfg = Release|Any CPU
		{BDCEAE58-EAD2-42B1-BD37-EB2CAF591B8B}.Release|x64.Build.0 = Release|Any CPU
		{BDCEAE58-EAD2-42B1-BD37-EB2CAF591B8B}.Release|x86.ActiveCfg = Release|Any CPU
		{BDCEAE58-EAD2-42B1-BD37-EB2CAF591B8B}.Release|x86.Build.0 = Release|Any CPU
		{D680F842-AA46-4B9B-9011-AB1AA7BCFC28}.Debug|Any CPU.ActiveCfg = Debug|Any CPU
		{D680F842-AA46-4B9B-9011-AB1AA7BCFC28}.Debug|Any CPU.Build.0 = Debug|Any CPU
		{D680F842-AA46-4B9B-9011-AB1AA7BCFC28}.Debug|x64.ActiveCfg = Debug|Any CPU
		{D680F842-AA46-4B9B-9011-AB1AA7BCFC28}.Debug|x64.Build.0 = Debug|Any CPU
		{D680F842-AA46-4B9B-9011-AB1AA7BCFC28}.Debug|x86.ActiveCfg = Debug|Any CPU
		{D680F842-AA46-4B9B-9011-AB1AA7BCFC28}.Debug|x86.Build.0 = Debug|Any CPU
		{D680F842-AA46-4B9B-9011-AB1AA7BCFC28}.Release|Any CPU.ActiveCfg = Release|Any CPU
		{D680F842-AA46-4B9B-9011-AB1AA7BCFC28}.Release|Any CPU.Build.0 = Release|Any CPU
		{D680F842-AA46-4B9B-9011-AB1AA7BCFC28}.Release|x64.ActiveCfg = Release|Any CPU
		{D680F842-AA46-4B9B-9011-AB1AA7BCFC28}.Release|x64.Build.0 = Release|Any CPU
		{D680F842-AA46-4B9B-9011-AB1AA7BCFC28}.Release|x86.ActiveCfg = Release|Any CPU
		{D680F842-AA46-4B9B-9011-AB1AA7BCFC28}.Release|x86.Build.0 = Release|Any CPU
		{5A19BAC1-4EF1-4FB4-BEEB-F46620560387}.Debug|Any CPU.ActiveCfg = Debug|Any CPU
		{5A19BAC1-4EF1-4FB4-BEEB-F46620560387}.Debug|Any CPU.Build.0 = Debug|Any CPU
		{5A19BAC1-4EF1-4FB4-BEEB-F46620560387}.Debug|x64.ActiveCfg = Debug|Any CPU
		{5A19BAC1-4EF1-4FB4-BEEB-F46620560387}.Debug|x64.Build.0 = Debug|Any CPU
		{5A19BAC1-4EF1-4FB4-BEEB-F46620560387}.Debug|x86.ActiveCfg = Debug|Any CPU
		{5A19BAC1-4EF1-4FB4-BEEB-F46620560387}.Debug|x86.Build.0 = Debug|Any CPU
		{5A19BAC1-4EF1-4FB4-BEEB-F46620560387}.Release|Any CPU.ActiveCfg = Release|Any CPU
		{5A19BAC1-4EF1-4FB4-BEEB-F46620560387}.Release|Any CPU.Build.0 = Release|Any CPU
		{5A19BAC1-4EF1-4FB4-BEEB-F46620560387}.Release|x64.ActiveCfg = Release|Any CPU
		{5A19BAC1-4EF1-4FB4-BEEB-F46620560387}.Release|x64.Build.0 = Release|Any CPU
		{5A19BAC1-4EF1-4FB4-BEEB-F46620560387}.Release|x86.ActiveCfg = Release|Any CPU
		{5A19BAC1-4EF1-4FB4-BEEB-F46620560387}.Release|x86.Build.0 = Release|Any CPU
		{F41C59B0-B10C-482B-BA8E-4FB90146BC1C}.Debug|Any CPU.ActiveCfg = Debug|Any CPU
		{F41C59B0-B10C-482B-BA8E-4FB90146BC1C}.Debug|Any CPU.Build.0 = Debug|Any CPU
		{F41C59B0-B10C-482B-BA8E-4FB90146BC1C}.Debug|x64.ActiveCfg = Debug|Any CPU
		{F41C59B0-B10C-482B-BA8E-4FB90146BC1C}.Debug|x64.Build.0 = Debug|Any CPU
		{F41C59B0-B10C-482B-BA8E-4FB90146BC1C}.Debug|x86.ActiveCfg = Debug|Any CPU
		{F41C59B0-B10C-482B-BA8E-4FB90146BC1C}.Debug|x86.Build.0 = Debug|Any CPU
		{F41C59B0-B10C-482B-BA8E-4FB90146BC1C}.Release|Any CPU.ActiveCfg = Release|Any CPU
		{F41C59B0-B10C-482B-BA8E-4FB90146BC1C}.Release|Any CPU.Build.0 = Release|Any CPU
		{F41C59B0-B10C-482B-BA8E-4FB90146BC1C}.Release|x64.ActiveCfg = Release|Any CPU
		{F41C59B0-B10C-482B-BA8E-4FB90146BC1C}.Release|x64.Build.0 = Release|Any CPU
		{F41C59B0-B10C-482B-BA8E-4FB90146BC1C}.Release|x86.ActiveCfg = Release|Any CPU
		{F41C59B0-B10C-482B-BA8E-4FB90146BC1C}.Release|x86.Build.0 = Release|Any CPU
		{D9265D65-E91C-48D3-B949-AAC2368A44D1}.Debug|Any CPU.ActiveCfg = Debug|Any CPU
		{D9265D65-E91C-48D3-B949-AAC2368A44D1}.Debug|Any CPU.Build.0 = Debug|Any CPU
		{D9265D65-E91C-48D3-B949-AAC2368A44D1}.Debug|x64.ActiveCfg = Debug|Any CPU
		{D9265D65-E91C-48D3-B949-AAC2368A44D1}.Debug|x64.Build.0 = Debug|Any CPU
		{D9265D65-E91C-48D3-B949-AAC2368A44D1}.Debug|x86.ActiveCfg = Debug|Any CPU
		{D9265D65-E91C-48D3-B949-AAC2368A44D1}.Debug|x86.Build.0 = Debug|Any CPU
		{D9265D65-E91C-48D3-B949-AAC2368A44D1}.Release|Any CPU.ActiveCfg = Release|Any CPU
		{D9265D65-E91C-48D3-B949-AAC2368A44D1}.Release|Any CPU.Build.0 = Release|Any CPU
		{D9265D65-E91C-48D3-B949-AAC2368A44D1}.Release|x64.ActiveCfg = Release|Any CPU
		{D9265D65-E91C-48D3-B949-AAC2368A44D1}.Release|x64.Build.0 = Release|Any CPU
		{D9265D65-E91C-48D3-B949-AAC2368A44D1}.Release|x86.ActiveCfg = Release|Any CPU
		{D9265D65-E91C-48D3-B949-AAC2368A44D1}.Release|x86.Build.0 = Release|Any CPU
	EndGlobalSection
	GlobalSection(NestedProjects) = preSolution
		{33A4980E-0BC7-4799-ABA1-5A409960493B} = {6D389B04-8258-4988-A41A-C10B7DFD4E79}
		{408A426F-A902-4B4E-A1FC-3DD6E8873984} = {6D389B04-8258-4988-A41A-C10B7DFD4E79}
		{833ED53C-34F4-4E8E-BBB7-4D1DD6A15D4D} = {6D389B04-8258-4988-A41A-C10B7DFD4E79}
		{BA908139-014E-4D4C-87DA-913E41902D74} = {F69ADE3C-9C9E-4B05-A95B-B7008A3DF839}
		{B1FC1C0E-2C49-40B2-BA7A-FDEEC5BF3729} = {F69ADE3C-9C9E-4B05-A95B-B7008A3DF839}
		{3B22ADDB-EA63-47F5-A8B0-794288FA9472} = {F69ADE3C-9C9E-4B05-A95B-B7008A3DF839}
		{0740F160-92B2-494E-8288-E6AA371EB57E} = {6D389B04-8258-4988-A41A-C10B7DFD4E79}
		{BDCEAE58-EAD2-42B1-BD37-EB2CAF591B8B} = {F69ADE3C-9C9E-4B05-A95B-B7008A3DF839}
		{D680F842-AA46-4B9B-9011-AB1AA7BCFC28} = {6D389B04-8258-4988-A41A-C10B7DFD4E79}
		{5A19BAC1-4EF1-4FB4-BEEB-F46620560387} = {F69ADE3C-9C9E-4B05-A95B-B7008A3DF839}
		{F41C59B0-B10C-482B-BA8E-4FB90146BC1C} = {F69ADE3C-9C9E-4B05-A95B-B7008A3DF839}
		{D9265D65-E91C-48D3-B949-AAC2368A44D1} = {F69ADE3C-9C9E-4B05-A95B-B7008A3DF839}
	EndGlobalSection
EndGlobal
