Microsoft Visual Studio Solution File, Format Version 12.00
# Visual Studio Version 17
VisualStudioVersion = 17.5.2.0
MinimumVisualStudioVersion = 10.0.40219.1
Project("{2150E333-8FDC-42A3-9474-1A3956D46DE8}") = "src", "src", "{6D389B04-8258-4988-A41A-C10B7DFD4E79}"
EndProject
Project("{FAE04EC0-301F-11D3-BF4B-00C04F79EFBC}") = "webapi", "src\WebApi\webapi.csproj", "{469CD254-A4F0-4F46-80EA-EAFCBE8B1016}"
EndProject
Project("{2150E333-8FDC-42A3-9474-1A3956D46DE8}") = "tests", "tests", "{F69ADE3C-9C9E-4B05-A95B-B7008A3DF839}"
EndProject
Project("{FAE04EC0-301F-11D3-BF4B-00C04F79EFBC}") = "WebApi.UnitTests", "tests\WebApi.UnitTests\WebApi.UnitTests.csproj", "{1E403FF9-C9CB-4BFD-AFFC-78F7B31A9E0D}"
EndProject
Project("{FAE04EC0-301F-11D3-BF4B-00C04F79EFBC}") = "WebApi.IntegrationTests", "tests\WebApi.IntegrationTests\WebApi.IntegrationTests.csproj", "{9E6295FC-E3C4-4A8A-B0E7-A1E75A1208B9}"
EndProject
Project("{FAE04EC0-301F-11D3-BF4B-00C04F79EFBC}") = "CodeGenerator", "src\generator\CodeGenerator.csproj", "{B1779059-EBC6-43A9-96E7-8494A7169D7D}"
EndProject
Project("{FAE04EC0-301F-11D3-BF4B-00C04F79EFBC}") = "Fudie", "src\Fudie\Fudie.csproj", "{33A4980E-0BC7-4799-ABA1-5A409960493B}"
EndProject
Project("{FAE04EC0-301F-11D3-BF4B-00C04F79EFBC}") = "Customer", "src\Customer\Customer.csproj", "{408A426F-A902-4B4E-A1FC-3DD6E8873984}"
EndProject
Project("{FAE04EC0-301F-11D3-BF4B-00C04F79EFBC}") = "Schedule", "src\Schedule\Schedule.csproj", "{833ED53C-34F4-4E8E-BBB7-4D1DD6A15D4D}"
EndProject
Project("{FAE04EC0-301F-11D3-BF4B-00C04F79EFBC}") = "ScheDule.UnitTests", "tests\ScheDule.UnitTests\ScheDule.UnitTests.csproj", "{BA908139-014E-4D4C-87DA-913E41902D74}"
EndProject
Project("{FAE04EC0-301F-11D3-BF4B-00C04F79EFBC}") = "Fudie.UnitTests", "tests\Fudie.UnitTests\Fudie.UnitTests.csproj", "{B1FC1C0E-2C49-40B2-BA7A-FDEEC5BF3729}"
EndProject
Project("{FAE04EC0-301F-11D3-BF4B-00C04F79EFBC}") = "Customer.UnitTests", "tests\Customer.UnitTests\Customer.UnitTests.csproj", "{3B22ADDB-EA63-47F5-A8B0-794288FA9472}"
EndProject
Project("{FAE04EC0-301F-11D3-BF4B-00C04F79EFBC}") = "Fudie.Generator", "src\Fudie.Generator\Fudie.Generator.csproj", "{0740F160-92B2-494E-8288-E6AA371EB57E}"
EndProject
Project("{FAE04EC0-301F-11D3-BF4B-00C04F79EFBC}") = "Fudie.Generator.UnitTests", "tests\Fudie.Generator.UnitTests\Fudie.Generator.UnitTests.csproj", "{BDCEAE58-EAD2-42B1-BD37-EB2CAF591B8B}"
EndProject
Global
	GlobalSection(SolutionProperties) = preSolution
		HideSolutionNode = FALSE
	EndGlobalSection
	GlobalSection(ExtensibilityGlobals) = postSolution
		SolutionGuid = {6B5F3ED5-ED75-4531-9141-13FEA853E430}
	EndGlobalSection
	GlobalSection(SolutionConfigurationPlatforms) = preSolution
		Debug|Any CPU = Debug|Any CPU
		Debug|x64 = Debug|x64
		Debug|x86 = Debug|x86
		Release|Any CPU = Release|Any CPU
		Release|x64 = Release|x64
		Release|x86 = Release|x86
	EndGlobalSection
	GlobalSection(ProjectConfigurationPlatforms) = postSolution
		{469CD254-A4F0-4F46-80EA-EAFCBE8B1016}.Debug|Any CPU.ActiveCfg = Debug|Any CPU
		{469CD254-A4F0-4F46-80EA-EAFCBE8B1016}.Debug|Any CPU.Build.0 = Debug|Any CPU
		{469CD254-A4F0-4F46-80EA-EAFCBE8B1016}.Debug|x64.ActiveCfg = Debug|Any CPU
		{469CD254-A4F0-4F46-80EA-EAFCBE8B1016}.Debug|x64.Build.0 = Debug|Any CPU
		{469CD254-A4F0-4F46-80EA-EAFCBE8B1016}.Debug|x86.ActiveCfg = Debug|Any CPU
		{469CD254-A4F0-4F46-80EA-EAFCBE8B1016}.Debug|x86.Build.0 = Debug|Any CPU
		{469CD254-A4F0-4F46-80EA-EAFCBE8B1016}.Release|Any CPU.ActiveCfg = Release|Any CPU
		{469CD254-A4F0-4F46-80EA-EAFCBE8B1016}.Release|Any CPU.Build.0 = Release|Any CPU
		{469CD254-A4F0-4F46-80EA-EAFCBE8B1016}.Release|x64.ActiveCfg = Release|Any CPU
		{469CD254-A4F0-4F46-80EA-EAFCBE8B1016}.Release|x64.Build.0 = Release|Any CPU
		{469CD254-A4F0-4F46-80EA-EAFCBE8B1016}.Release|x86.ActiveCfg = Release|Any CPU
		{469CD254-A4F0-4F46-80EA-EAFCBE8B1016}.Release|x86.Build.0 = Release|Any CPU
		{1E403FF9-C9CB-4BFD-AFFC-78F7B31A9E0D}.Debug|Any CPU.ActiveCfg = Debug|Any CPU
		{1E403FF9-C9CB-4BFD-AFFC-78F7B31A9E0D}.Debug|Any CPU.Build.0 = Debug|Any CPU
		{1E403FF9-C9CB-4BFD-AFFC-78F7B31A9E0D}.Debug|x64.ActiveCfg = Debug|Any CPU
		{1E403FF9-C9CB-4BFD-AFFC-78F7B31A9E0D}.Debug|x64.Build.0 = Debug|Any CPU
		{1E403FF9-C9CB-4BFD-AFFC-78F7B31A9E0D}.Debug|x86.ActiveCfg = Debug|Any CPU
		{1E403FF9-C9CB-4BFD-AFFC-78F7B31A9E0D}.Debug|x86.Build.0 = Debug|Any CPU
		{1E403FF9-C9CB-4BFD-AFFC-78F7B31A9E0D}.Release|Any CPU.ActiveCfg = Release|Any CPU
		{1E403FF9-C9CB-4BFD-AFFC-78F7B31A9E0D}.Release|Any CPU.Build.0 = Release|Any CPU
		{1E403FF9-C9CB-4BFD-AFFC-78F7B31A9E0D}.Release|x64.ActiveCfg = Release|Any CPU
		{1E403FF9-C9CB-4BFD-AFFC-78F7B31A9E0D}.Release|x64.Build.0 = Release|Any CPU
		{1E403FF9-C9CB-4BFD-AFFC-78F7B31A9E0D}.Release|x86.ActiveCfg = Release|Any CPU
		{1E403FF9-C9CB-4BFD-AFFC-78F7B31A9E0D}.Release|x86.Build.0 = Release|Any CPU
		{9E6295FC-E3C4-4A8A-B0E7-A1E75A1208B9}.Debug|Any CPU.ActiveCfg = Debug|Any CPU
		{9E6295FC-E3C4-4A8A-B0E7-A1E75A1208B9}.Debug|Any CPU.Build.0 = Debug|Any CPU
		{9E6295FC-E3C4-4A8A-B0E7-A1E75A1208B9}.Debug|x64.ActiveCfg = Debug|Any CPU
		{9E6295FC-E3C4-4A8A-B0E7-A1E75A1208B9}.Debug|x64.Build.0 = Debug|Any CPU
		{9E6295FC-E3C4-4A8A-B0E7-A1E75A1208B9}.Debug|x86.ActiveCfg = Debug|Any CPU
		{9E6295FC-E3C4-4A8A-B0E7-A1E75A1208B9}.Debug|x86.Build.0 = Debug|Any CPU
		{9E6295FC-E3C4-4A8A-B0E7-A1E75A1208B9}.Release|Any CPU.ActiveCfg = Release|Any CPU
		{9E6295FC-E3C4-4A8A-B0E7-A1E75A1208B9}.Release|Any CPU.Build.0 = Release|Any CPU
		{9E6295FC-E3C4-4A8A-B0E7-A1E75A1208B9}.Release|x64.ActiveCfg = Release|Any CPU
		{9E6295FC-E3C4-4A8A-B0E7-A1E75A1208B9}.Release|x64.Build.0 = Release|Any CPU
		{9E6295FC-E3C4-4A8A-B0E7-A1E75A1208B9}.Release|x86.ActiveCfg = Release|Any CPU
		{9E6295FC-E3C4-4A8A-B0E7-A1E75A1208B9}.Release|x86.Build.0 = Release|Any CPU
		{B1779059-EBC6-43A9-96E7-8494A7169D7D}.Debug|Any CPU.ActiveCfg = Debug|Any CPU
		{B1779059-EBC6-43A9-96E7-8494A7169D7D}.Debug|Any CPU.Build.0 = Debug|Any CPU
		{B1779059-EBC6-43A9-96E7-8494A7169D7D}.Debug|x64.ActiveCfg = Debug|Any CPU
		{B1779059-EBC6-43A9-96E7-8494A7169D7D}.Debug|x64.Build.0 = Debug|Any CPU
		{B1779059-EBC6-43A9-96E7-8494A7169D7D}.Debug|x86.ActiveCfg = Debug|Any CPU
		{B1779059-EBC6-43A9-96E7-8494A7169D7D}.Debug|x86.Build.0 = Debug|Any CPU
		{B1779059-EBC6-43A9-96E7-8494A7169D7D}.Release|Any CPU.ActiveCfg = Release|Any CPU
		{B1779059-EBC6-43A9-96E7-8494A7169D7D}.Release|Any CPU.Build.0 = Release|Any CPU
		{B1779059-EBC6-43A9-96E7-8494A7169D7D}.Release|x64.ActiveCfg = Release|Any CPU
		{B1779059-EBC6-43A9-96E7-8494A7169D7D}.Release|x64.Build.0 = Release|Any CPU
		{B1779059-EBC6-43A9-96E7-8494A7169D7D}.Release|x86.ActiveCfg = Release|Any CPU
		{B1779059-EBC6-43A9-96E7-8494A7169D7D}.Release|x86.Build.0 = Release|Any CPU
		{33A4980E-0BC7-4799-ABA1-5A409960493B}.Debug|Any CPU.ActiveCfg = Debug|Any CPU
		{33A4980E-0BC7-4799-ABA1-5A409960493B}.Debug|Any CPU.Build.0 = Debug|Any CPU
		{33A4980E-0BC7-4799-ABA1-5A409960493B}.Debug|x64.ActiveCfg = Debug|Any CPU
		{33A4980E-0BC7-4799-ABA1-5A409960493B}.Debug|x64.Build.0 = Debug|Any CPU
		{33A4980E-0BC7-4799-ABA1-5A409960493B}.Debug|x86.ActiveCfg = Debug|Any CPU
		{33A4980E-0BC7-4799-ABA1-5A409960493B}.Debug|x86.Build.0 = Debug|Any CPU
		{33A4980E-0BC7-4799-ABA1-5A409960493B}.Release|Any CPU.ActiveCfg = Release|Any CPU
		{33A4980E-0BC7-4799-ABA1-5A409960493B}.Release|Any CPU.Build.0 = Release|Any CPU
		{33A4980E-0BC7-4799-ABA1-5A409960493B}.Release|x64.ActiveCfg = Release|Any CPU
		{33A4980E-0BC7-4799-ABA1-5A409960493B}.Release|x64.Build.0 = Release|Any CPU
		{33A4980E-0BC7-4799-ABA1-5A409960493B}.Release|x86.ActiveCfg = Release|Any CPU
		{33A4980E-0BC7-4799-ABA1-5A409960493B}.Release|x86.Build.0 = Release|Any CPU
		{408A426F-A902-4B4E-A1FC-3DD6E8873984}.Debug|Any CPU.ActiveCfg = Debug|Any CPU
		{408A426F-A902-4B4E-A1FC-3DD6E8873984}.Debug|Any CPU.Build.0 = Debug|Any CPU
		{408A426F-A902-4B4E-A1FC-3DD6E8873984}.Debug|x64.ActiveCfg = Debug|Any CPU
		{408A426F-A902-4B4E-A1FC-3DD6E8873984}.Debug|x64.Build.0 = Debug|Any CPU
		{408A426F-A902-4B4E-A1FC-3DD6E8873984}.Debug|x86.ActiveCfg = Debug|Any CPU
		{408A426F-A902-4B4E-A1FC-3DD6E8873984}.Debug|x86.Build.0 = Debug|Any CPU
		{408A426F-A902-4B4E-A1FC-3DD6E8873984}.Release|Any CPU.ActiveCfg = Release|Any CPU
		{408A426F-A902-4B4E-A1FC-3DD6E8873984}.Release|Any CPU.Build.0 = Release|Any CPU
		{408A426F-A902-4B4E-A1FC-3DD6E8873984}.Release|x64.ActiveCfg = Release|Any CPU
		{408A426F-A902-4B4E-A1FC-3DD6E8873984}.Release|x64.Build.0 = Release|Any CPU
		{408A426F-A902-4B4E-A1FC-3DD6E8873984}.Release|x86.ActiveCfg = Release|Any CPU
		{408A426F-A902-4B4E-A1FC-3DD6E8873984}.Release|x86.Build.0 = Release|Any CPU
		{833ED53C-34F4-4E8E-BBB7-4D1DD6A15D4D}.Debug|Any CPU.ActiveCfg = Debug|Any CPU
		{833ED53C-34F4-4E8E-BBB7-4D1DD6A15D4D}.Debug|Any CPU.Build.0 = Debug|Any CPU
		{833ED53C-34F4-4E8E-BBB7-4D1DD6A15D4D}.Debug|x64.ActiveCfg = Debug|Any CPU
		{833ED53C-34F4-4E8E-BBB7-4D1DD6A15D4D}.Debug|x64.Build.0 = Debug|Any CPU
		{833ED53C-34F4-4E8E-BBB7-4D1DD6A15D4D}.Debug|x86.ActiveCfg = Debug|Any CPU
		{833ED53C-34F4-4E8E-BBB7-4D1DD6A15D4D}.Debug|x86.Build.0 = Debug|Any CPU
		{833ED53C-34F4-4E8E-BBB7-4D1DD6A15D4D}.Release|Any CPU.ActiveCfg = Release|Any CPU
		{833ED53C-34F4-4E8E-BBB7-4D1DD6A15D4D}.Release|Any CPU.Build.0 = Release|Any CPU
		{833ED53C-34F4-4E8E-BBB7-4D1DD6A15D4D}.Release|x64.ActiveCfg = Release|Any CPU
		{833ED53C-34F4-4E8E-BBB7-4D1DD6A15D4D}.Release|x64.Build.0 = Release|Any CPU
		{833ED53C-34F4-4E8E-BBB7-4D1DD6A15D4D}.Release|x86.ActiveCfg = Release|Any CPU
		{833ED53C-34F4-4E8E-BBB7-4D1DD6A15D4D}.Release|x86.Build.0 = Release|Any CPU
		{BA908139-014E-4D4C-87DA-913E41902D74}.Debug|Any CPU.ActiveCfg = Debug|Any CPU
		{BA908139-014E-4D4C-87DA-913E41902D74}.Debug|Any CPU.Build.0 = Debug|Any CPU
		{BA908139-014E-4D4C-87DA-913E41902D74}.Debug|x64.ActiveCfg = Debug|Any CPU
		{BA908139-014E-4D4C-87DA-913E41902D74}.Debug|x64.Build.0 = Debug|Any CPU
		{BA908139-014E-4D4C-87DA-913E41902D74}.Debug|x86.ActiveCfg = Debug|Any CPU
		{BA908139-014E-4D4C-87DA-913E41902D74}.Debug|x86.Build.0 = Debug|Any CPU
		{BA908139-014E-4D4C-87DA-913E41902D74}.Release|Any CPU.ActiveCfg = Release|Any CPU
		{BA908139-014E-4D4C-87DA-913E41902D74}.Release|Any CPU.Build.0 = Release|Any CPU
		{BA908139-014E-4D4C-87DA-913E41902D74}.Release|x64.ActiveCfg = Release|Any CPU
		{BA908139-014E-4D4C-87DA-913E41902D74}.Release|x64.Build.0 = Release|Any CPU
		{BA908139-014E-4D4C-87DA-913E41902D74}.Release|x86.ActiveCfg = Release|Any CPU
		{BA908139-014E-4D4C-87DA-913E41902D74}.Release|x86.Build.0 = Release|Any CPU
		{B1FC1C0E-2C49-40B2-BA7A-FDEEC5BF3729}.Debug|Any CPU.ActiveCfg = Debug|Any CPU
		{B1FC1C0E-2C49-40B2-BA7A-FDEEC5BF3729}.Debug|Any CPU.Build.0 = Debug|Any CPU
		{B1FC1C0E-2C49-40B2-BA7A-FDEEC5BF3729}.Debug|x64.ActiveCfg = Debug|Any CPU
		{B1FC1C0E-2C49-40B2-BA7A-FDEEC5BF3729}.Debug|x64.Build.0 = Debug|Any CPU
		{B1FC1C0E-2C49-40B2-BA7A-FDEEC5BF3729}.Debug|x86.ActiveCfg = Debug|Any CPU
		{B1FC1C0E-2C49-40B2-BA7A-FDEEC5BF3729}.Debug|x86.Build.0 = Debug|Any CPU
		{B1FC1C0E-2C49-40B2-BA7A-FDEEC5BF3729}.Release|Any CPU.ActiveCfg = Release|Any CPU
		{B1FC1C0E-2C49-40B2-BA7A-FDEEC5BF3729}.Release|Any CPU.Build.0 = Release|Any CPU
		{B1FC1C0E-2C49-40B2-BA7A-FDEEC5BF3729}.Release|x64.ActiveCfg = Release|Any CPU
		{B1FC1C0E-2C49-40B2-BA7A-FDEEC5BF3729}.Release|x64.Build.0 = Release|Any CPU
		{B1FC1C0E-2C49-40B2-BA7A-FDEEC5BF3729}.Release|x86.ActiveCfg = Release|Any CPU
		{B1FC1C0E-2C49-40B2-BA7A-FDEEC5BF3729}.Release|x86.Build.0 = Release|Any CPU
		{3B22ADDB-EA63-47F5-A8B0-794288FA9472}.Debug|Any CPU.ActiveCfg = Debug|Any CPU
		{3B22ADDB-EA63-47F5-A8B0-794288FA9472}.Debug|Any CPU.Build.0 = Debug|Any CPU
		{3B22ADDB-EA63-47F5-A8B0-794288FA9472}.Debug|x64.ActiveCfg = Debug|Any CPU
		{3B22ADDB-EA63-47F5-A8B0-794288FA9472}.Debug|x64.Build.0 = Debug|Any CPU
		{3B22ADDB-EA63-47F5-A8B0-794288FA9472}.Debug|x86.ActiveCfg = Debug|Any CPU
		{3B22ADDB-EA63-47F5-A8B0-794288FA9472}.Debug|x86.Build.0 = Debug|Any CPU
		{3B22ADDB-EA63-47F5-A8B0-794288FA9472}.Release|Any CPU.ActiveCfg = Release|Any CPU
		{3B22ADDB-EA63-47F5-A8B0-794288FA9472}.Release|Any CPU.Build.0 = Release|Any CPU
		{3B22ADDB-EA63-47F5-A8B0-794288FA9472}.Release|x64.ActiveCfg = Release|Any CPU
		{3B22ADDB-EA63-47F5-A8B0-794288FA9472}.Release|x64.Build.0 = Release|Any CPU
		{3B22ADDB-EA63-47F5-A8B0-794288FA9472}.Release|x86.ActiveCfg = Release|Any CPU
		{3B22ADDB-EA63-47F5-A8B0-794288FA9472}.Release|x86.Build.0 = Release|Any CPU
		{0740F160-92B2-494E-8288-E6AA371EB57E}.Debug|Any CPU.ActiveCfg = Debug|Any CPU
		{0740F160-92B2-494E-8288-E6AA371EB57E}.Debug|Any CPU.Build.0 = Debug|Any CPU
		{0740F160-92B2-494E-8288-E6AA371EB57E}.Debug|x64.ActiveCfg = Debug|Any CPU
		{0740F160-92B2-494E-8288-E6AA371EB57E}.Debug|x64.Build.0 = Debug|Any CPU
		{0740F160-92B2-494E-8288-E6AA371EB57E}.Debug|x86.ActiveCfg = Debug|Any CPU
		{0740F160-92B2-494E-8288-E6AA371EB57E}.Debug|x86.Build.0 = Debug|Any CPU
		{0740F160-92B2-494E-8288-E6AA371EB57E}.Release|Any CPU.ActiveCfg = Release|Any CPU
		{0740F160-92B2-494E-8288-E6AA371EB57E}.Release|Any CPU.Build.0 = Release|Any CPU
		{0740F160-92B2-494E-8288-E6AA371EB57E}.Release|x64.ActiveCfg = Release|Any CPU
		{0740F160-92B2-494E-8288-E6AA371EB57E}.Release|x64.Build.0 = Release|Any CPU
		{0740F160-92B2-494E-8288-E6AA371EB57E}.Release|x86.ActiveCfg = Release|Any CPU
		{0740F160-92B2-494E-8288-E6AA371EB57E}.Release|x86.Build.0 = Release|Any CPU
		{BDCEAE58-EAD2-42B1-BD37-EB2CAF591B8B}.Debug|Any CPU.ActiveCfg = Debug|Any CPU
		{BDCEAE58-EAD2-42B1-BD37-EB2CAF591B8B}.Debug|Any CPU.Build.0 = Debug|Any CPU
		{BDCEAE58-EAD2-42B1-BD37-EB2CAF591B8B}.Debug|x64.ActiveCfg = Debug|Any CPU
		{BDCEAE58-EAD2-42B1-BD37-EB2CAF591B8B}.Debug|x64.Build.0 = Debug|Any CPU
		{BDCEAE58-EAD2-42B1-BD37-EB2CAF591B8B}.Debug|x86.ActiveCfg = Debug|Any CPU
		{BDCEAE58-EAD2-42B1-BD37-EB2CAF591B8B}.Debug|x86.Build.0 = Debug|Any CPU
		{BDCEAE58-EAD2-42B1-BD37-EB2CAF591B8B}.Release|Any CPU.ActiveCfg = Release|Any CPU
		{BDCEAE58-EAD2-42B1-BD37-EB2CAF591B8B}.Release|Any CPU.Build.0 = Release|Any CPU
		{BDCEAE58-EAD2-42B1-BD37-EB2CAF591B8B}.Release|x64.ActiveCfg = Release|Any CPU
		{BDCEAE58-EAD2-42B1-BD37-EB2CAF591B8B}.Release|x64.Build.0 = Release|Any CPU
		{BDCEAE58-EAD2-42B1-BD37-EB2CAF591B8B}.Release|x86.ActiveCfg = Release|Any CPU
		{BDCEAE58-EAD2-42B1-BD37-EB2CAF591B8B}.Release|x86.Build.0 = Release|Any CPU
	EndGlobalSection
	GlobalSection(NestedProjects) = preSolution
		{469CD254-A4F0-4F46-80EA-EAFCBE8B1016} = {6D389B04-8258-4988-A41A-C10B7DFD4E79}
		{1E403FF9-C9CB-4BFD-AFFC-78F7B31A9E0D} = {F69ADE3C-9C9E-4B05-A95B-B7008A3DF839}
		{9E6295FC-E3C4-4A8A-B0E7-A1E75A1208B9} = {F69ADE3C-9C9E-4B05-A95B-B7008A3DF839}
		{B1779059-EBC6-43A9-96E7-8494A7169D7D} = {6D389B04-8258-4988-A41A-C10B7DFD4E79}
		{33A4980E-0BC7-4799-ABA1-5A409960493B} = {6D389B04-8258-4988-A41A-C10B7DFD4E79}
		{408A426F-A902-4B4E-A1FC-3DD6E8873984} = {6D389B04-8258-4988-A41A-C10B7DFD4E79}
		{833ED53C-34F4-4E8E-BBB7-4D1DD6A15D4D} = {6D389B04-8258-4988-A41A-C10B7DFD4E79}
		{BA908139-014E-4D4C-87DA-913E41902D74} = {F69ADE3C-9C9E-4B05-A95B-B7008A3DF839}
		{B1FC1C0E-2C49-40B2-BA7A-FDEEC5BF3729} = {F69ADE3C-9C9E-4B05-A95B-B7008A3DF839}
		{3B22ADDB-EA63-47F5-A8B0-794288FA9472} = {F69ADE3C-9C9E-4B05-A95B-B7008A3DF839}
		{0740F160-92B2-494E-8288-E6AA371EB57E} = {6D389B04-8258-4988-A41A-C10B7DFD4E79}
		{BDCEAE58-EAD2-42B1-BD37-EB2CAF591B8B} = {F69ADE3C-9C9E-4B05-A95B-B7008A3DF839}
	EndGlobalSection
EndGlobal
